// !$*UTF8*$!
{
	archiveVersion = 1;
	classes = {
	};
	objectVersion = 50;
	objects = {

/* Begin PBXBuildFile section */
		2F0DE32926EF7D9C00341456 /* AppDelegate.swift in Sources */ = {isa = PBXBuildFile; fileRef = 2F0DE32826EF7D9C00341456 /* AppDelegate.swift */; };
		2F0DE32B26EF7D9C00341456 /* SceneDelegate.swift in Sources */ = {isa = PBXBuildFile; fileRef = 2F0DE32A26EF7D9C00341456 /* SceneDelegate.swift */; };
		2F0DE32D26EF7D9C00341456 /* ViewController.swift in Sources */ = {isa = PBXBuildFile; fileRef = 2F0DE32C26EF7D9C00341456 /* ViewController.swift */; };
		2F0DE33026EF7D9C00341456 /* Main.storyboard in Resources */ = {isa = PBXBuildFile; fileRef = 2F0DE32E26EF7D9C00341456 /* Main.storyboard */; };
		2F0DE33226EF7D9F00341456 /* Assets.xcassets in Resources */ = {isa = PBXBuildFile; fileRef = 2F0DE33126EF7D9F00341456 /* Assets.xcassets */; };
		2F0DE33526EF7D9F00341456 /* LaunchScreen.storyboard in Resources */ = {isa = PBXBuildFile; fileRef = 2F0DE33326EF7D9F00341456 /* LaunchScreen.storyboard */; };
		2F0DE34326EF7F7500341456 /* Media.xcassets in Resources */ = {isa = PBXBuildFile; fileRef = 2F0DE34226EF7F7500341456 /* Media.xcassets */; };
		2F0DE34526EF7F7500341456 /* EditViewController.swift in Sources */ = {isa = PBXBuildFile; fileRef = 2F0DE34426EF7F7500341456 /* EditViewController.swift */; };
		2F0DE34826EF7F7500341456 /* MainInterface.storyboard in Resources */ = {isa = PBXBuildFile; fileRef = 2F0DE34626EF7F7500341456 /* MainInterface.storyboard */; };
		2F0DE34C26EF7F7500341456 /* Extension.appex in Embed App Extensions */ = {isa = PBXBuildFile; fileRef = 2F0DE34026EF7F7500341456 /* Extension.appex */; settings = {ATTRIBUTES = (RemoveHeadersOnCopy, ); }; };
		2F0DE35226EF822500341456 /* Action.js in Resources */ = {isa = PBXBuildFile; fileRef = 2F0DE35126EF822500341456 /* Action.js */; };
		2FC3A532270A95DE00B1E3C3 /* ScriptsViewController.swift in Sources */ = {isa = PBXBuildFile; fileRef = 2FC3A531270A95DE00B1E3C3 /* ScriptsViewController.swift */; };
		2FC3A534270B6C3C00B1E3C3 /* String+Ext.swift in Sources */ = {isa = PBXBuildFile; fileRef = 2FC3A533270B6C3C00B1E3C3 /* String+Ext.swift */; };
/* End PBXBuildFile section */

/* Begin PBXContainerItemProxy section */
		2F0DE34A26EF7F7500341456 /* PBXContainerItemProxy */ = {
			isa = PBXContainerItemProxy;
			containerPortal = 2F0DE31D26EF7D9C00341456 /* Project object */;
			proxyType = 1;
			remoteGlobalIDString = 2F0DE33F26EF7F7500341456;
			remoteInfo = Extension;
		};
/* End PBXContainerItemProxy section */

/* Begin PBXCopyFilesBuildPhase section */
		2F0DE35026EF7F7500341456 /* Embed App Extensions */ = {
			isa = PBXCopyFilesBuildPhase;
			buildActionMask = 2147483647;
			dstPath = "";
			dstSubfolderSpec = 13;
			files = (
				2F0DE34C26EF7F7500341456 /* Extension.appex in Embed App Extensions */,
			);
			name = "Embed App Extensions";
			runOnlyForDeploymentPostprocessing = 0;
		};
/* End PBXCopyFilesBuildPhase section */

/* Begin PBXFileReference section */
		2F0DE32526EF7D9C00341456 /* Project19_JavaScriptInjection.app */ = {isa = PBXFileReference; explicitFileType = wrapper.application; includeInIndex = 0; path = Project19_JavaScriptInjection.app; sourceTree = BUILT_PRODUCTS_DIR; };
		2F0DE32826EF7D9C00341456 /* AppDelegate.swift */ = {isa = PBXFileReference; lastKnownFileType = sourcecode.swift; path = AppDelegate.swift; sourceTree = "<group>"; };
		2F0DE32A26EF7D9C00341456 /* SceneDelegate.swift */ = {isa = PBXFileReference; lastKnownFileType = sourcecode.swift; path = SceneDelegate.swift; sourceTree = "<group>"; };
		2F0DE32C26EF7D9C00341456 /* ViewController.swift */ = {isa = PBXFileReference; lastKnownFileType = sourcecode.swift; path = ViewController.swift; sourceTree = "<group>"; };
		2F0DE32F26EF7D9C00341456 /* Base */ = {isa = PBXFileReference; lastKnownFileType = file.storyboard; name = Base; path = Base.lproj/Main.storyboard; sourceTree = "<group>"; };
		2F0DE33126EF7D9F00341456 /* Assets.xcassets */ = {isa = PBXFileReference; lastKnownFileType = folder.assetcatalog; path = Assets.xcassets; sourceTree = "<group>"; };
		2F0DE33426EF7D9F00341456 /* Base */ = {isa = PBXFileReference; lastKnownFileType = file.storyboard; name = Base; path = Base.lproj/LaunchScreen.storyboard; sourceTree = "<group>"; };
		2F0DE33626EF7D9F00341456 /* Info.plist */ = {isa = PBXFileReference; lastKnownFileType = text.plist.xml; path = Info.plist; sourceTree = "<group>"; };
		2F0DE34026EF7F7500341456 /* Extension.appex */ = {isa = PBXFileReference; explicitFileType = "wrapper.app-extension"; includeInIndex = 0; path = Extension.appex; sourceTree = BUILT_PRODUCTS_DIR; };
		2F0DE34226EF7F7500341456 /* Media.xcassets */ = {isa = PBXFileReference; lastKnownFileType = folder.assetcatalog; path = Media.xcassets; sourceTree = "<group>"; };
		2F0DE34426EF7F7500341456 /* EditViewController.swift */ = {isa = PBXFileReference; lastKnownFileType = sourcecode.swift; path = EditViewController.swift; sourceTree = "<group>"; };
		2F0DE34726EF7F7500341456 /* Base */ = {isa = PBXFileReference; lastKnownFileType = file.storyboard; name = Base; path = Base.lproj/MainInterface.storyboard; sourceTree = "<group>"; };
		2F0DE34926EF7F7500341456 /* Info.plist */ = {isa = PBXFileReference; lastKnownFileType = text.plist.xml; path = Info.plist; sourceTree = "<group>"; };
		2F0DE35126EF822500341456 /* Action.js */ = {isa = PBXFileReference; lastKnownFileType = sourcecode.javascript; path = Action.js; sourceTree = "<group>"; };
		2F0DE35326EF84A700341456 /* Project19_JavaScriptInjection.entitlements */ = {isa = PBXFileReference; lastKnownFileType = text.plist.entitlements; path = Project19_JavaScriptInjection.entitlements; sourceTree = "<group>"; };
		2F0DE35426EF84BD00341456 /* Extension.entitlements */ = {isa = PBXFileReference; lastKnownFileType = text.plist.entitlements; path = Extension.entitlements; sourceTree = "<group>"; };
		2FC3A531270A95DE00B1E3C3 /* ScriptsViewController.swift */ = {isa = PBXFileReference; lastKnownFileType = sourcecode.swift; path = ScriptsViewController.swift; sourceTree = "<group>"; };
		2FC3A533270B6C3C00B1E3C3 /* String+Ext.swift */ = {isa = PBXFileReference; lastKnownFileType = sourcecode.swift; path = "String+Ext.swift"; sourceTree = "<group>"; };
/* End PBXFileReference section */

/* Begin PBXFrameworksBuildPhase section */
		2F0DE32226EF7D9C00341456 /* Frameworks */ = {
			isa = PBXFrameworksBuildPhase;
			buildActionMask = 2147483647;
			files = (
			);
			runOnlyForDeploymentPostprocessing = 0;
		};
		2F0DE33D26EF7F7500341456 /* Frameworks */ = {
			isa = PBXFrameworksBuildPhase;
			buildActionMask = 2147483647;
			files = (
			);
			runOnlyForDeploymentPostprocessing = 0;
		};
/* End PBXFrameworksBuildPhase section */

/* Begin PBXGroup section */
		2F0DE31C26EF7D9C00341456 = {
			isa = PBXGroup;
			children = (
				2F0DE32726EF7D9C00341456 /* Project19_JavaScriptInjection */,
				2F0DE34126EF7F7500341456 /* Extension */,
				2F0DE32626EF7D9C00341456 /* Products */,
			);
			sourceTree = "<group>";
		};
		2F0DE32626EF7D9C00341456 /* Products */ = {
			isa = PBXGroup;
			children = (
				2F0DE32526EF7D9C00341456 /* Project19_JavaScriptInjection.app */,
				2F0DE34026EF7F7500341456 /* Extension.appex */,
			);
			name = Products;
			sourceTree = "<group>";
		};
		2F0DE32726EF7D9C00341456 /* Project19_JavaScriptInjection */ = {
			isa = PBXGroup;
			children = (
				2F0DE35326EF84A700341456 /* Project19_JavaScriptInjection.entitlements */,
				2F0DE32826EF7D9C00341456 /* AppDelegate.swift */,
				2F0DE32A26EF7D9C00341456 /* SceneDelegate.swift */,
				2F0DE32C26EF7D9C00341456 /* ViewController.swift */,
				2F0DE32E26EF7D9C00341456 /* Main.storyboard */,
				2F0DE33126EF7D9F00341456 /* Assets.xcassets */,
				2F0DE33326EF7D9F00341456 /* LaunchScreen.storyboard */,
				2F0DE33626EF7D9F00341456 /* Info.plist */,
			);
			path = Project19_JavaScriptInjection;
			sourceTree = "<group>";
		};
		2F0DE34126EF7F7500341456 /* Extension */ = {
			isa = PBXGroup;
			children = (
				2F0DE35426EF84BD00341456 /* Extension.entitlements */,
				2F0DE34226EF7F7500341456 /* Media.xcassets */,
				2FC3A531270A95DE00B1E3C3 /* ScriptsViewController.swift */,
				2F0DE34426EF7F7500341456 /* EditViewController.swift */,
				2FC3A533270B6C3C00B1E3C3 /* String+Ext.swift */,
				2F0DE34626EF7F7500341456 /* MainInterface.storyboard */,
				2F0DE34926EF7F7500341456 /* Info.plist */,
				2F0DE35126EF822500341456 /* Action.js */,
			);
			path = Extension;
			sourceTree = "<group>";
		};
/* End PBXGroup section */

/* Begin PBXNativeTarget section */
		2F0DE32426EF7D9C00341456 /* Project19_JavaScriptInjection */ = {
			isa = PBXNativeTarget;
			buildConfigurationList = 2F0DE33926EF7D9F00341456 /* Build configuration list for PBXNativeTarget "Project19_JavaScriptInjection" */;
			buildPhases = (
				2F0DE32126EF7D9C00341456 /* Sources */,
				2F0DE32226EF7D9C00341456 /* Frameworks */,
				2F0DE32326EF7D9C00341456 /* Resources */,
				2F0DE35026EF7F7500341456 /* Embed App Extensions */,
			);
			buildRules = (
			);
			dependencies = (
				2F0DE34B26EF7F7500341456 /* PBXTargetDependency */,
			);
			name = Project19_JavaScriptInjection;
			productName = Project19_JavaScriptInjection;
			productReference = 2F0DE32526EF7D9C00341456 /* Project19_JavaScriptInjection.app */;
			productType = "com.apple.product-type.application";
		};
		2F0DE33F26EF7F7500341456 /* Extension */ = {
			isa = PBXNativeTarget;
			buildConfigurationList = 2F0DE34D26EF7F7500341456 /* Build configuration list for PBXNativeTarget "Extension" */;
			buildPhases = (
				2F0DE33C26EF7F7500341456 /* Sources */,
				2F0DE33D26EF7F7500341456 /* Frameworks */,
				2F0DE33E26EF7F7500341456 /* Resources */,
			);
			buildRules = (
			);
			dependencies = (
			);
			name = Extension;
			productName = Extension;
			productReference = 2F0DE34026EF7F7500341456 /* Extension.appex */;
			productType = "com.apple.product-type.app-extension";
		};
/* End PBXNativeTarget section */

/* Begin PBXProject section */
		2F0DE31D26EF7D9C00341456 /* Project object */ = {
			isa = PBXProject;
			attributes = {
				LastSwiftUpdateCheck = 1250;
				LastUpgradeCheck = 1250;
				TargetAttributes = {
					2F0DE32426EF7D9C00341456 = {
						CreatedOnToolsVersion = 12.5.1;
					};
					2F0DE33F26EF7F7500341456 = {
						CreatedOnToolsVersion = 12.5.1;
					};
				};
			};
			buildConfigurationList = 2F0DE32026EF7D9C00341456 /* Build configuration list for PBXProject "Project19_JavaScriptInjection" */;
			compatibilityVersion = "Xcode 9.3";
			developmentRegion = en;
			hasScannedForEncodings = 0;
			knownRegions = (
				en,
				Base,
			);
			mainGroup = 2F0DE31C26EF7D9C00341456;
			productRefGroup = 2F0DE32626EF7D9C00341456 /* Products */;
			projectDirPath = "";
			projectRoot = "";
			targets = (
				2F0DE32426EF7D9C00341456 /* Project19_JavaScriptInjection */,
				2F0DE33F26EF7F7500341456 /* Extension */,
			);
		};
/* End PBXProject section */

/* Begin PBXResourcesBuildPhase section */
		2F0DE32326EF7D9C00341456 /* Resources */ = {
			isa = PBXResourcesBuildPhase;
			buildActionMask = 2147483647;
			files = (
				2F0DE33526EF7D9F00341456 /* LaunchScreen.storyboard in Resources */,
				2F0DE33226EF7D9F00341456 /* Assets.xcassets in Resources */,
				2F0DE33026EF7D9C00341456 /* Main.storyboard in Resources */,
			);
			runOnlyForDeploymentPostprocessing = 0;
		};
		2F0DE33E26EF7F7500341456 /* Resources */ = {
			isa = PBXResourcesBuildPhase;
			buildActionMask = 2147483647;
			files = (
				2F0DE35226EF822500341456 /* Action.js in Resources */,
				2F0DE34326EF7F7500341456 /* Media.xcassets in Resources */,
				2F0DE34826EF7F7500341456 /* MainInterface.storyboard in Resources */,
			);
			runOnlyForDeploymentPostprocessing = 0;
		};
/* End PBXResourcesBuildPhase section */

/* Begin PBXSourcesBuildPhase section */
		2F0DE32126EF7D9C00341456 /* Sources */ = {
			isa = PBXSourcesBuildPhase;
			buildActionMask = 2147483647;
			files = (
				2F0DE32D26EF7D9C00341456 /* ViewController.swift in Sources */,
				2F0DE32926EF7D9C00341456 /* AppDelegate.swift in Sources */,
				2F0DE32B26EF7D9C00341456 /* SceneDelegate.swift in Sources */,
			);
			runOnlyForDeploymentPostprocessing = 0;
		};
		2F0DE33C26EF7F7500341456 /* Sources */ = {
			isa = PBXSourcesBuildPhase;
			buildActionMask = 2147483647;
			files = (
				2FC3A534270B6C3C00B1E3C3 /* String+Ext.swift in Sources */,
				2F0DE34526EF7F7500341456 /* EditViewController.swift in Sources */,
				2FC3A532270A95DE00B1E3C3 /* ScriptsViewController.swift in Sources */,
			);
			runOnlyForDeploymentPostprocessing = 0;
		};
/* End PBXSourcesBuildPhase section */

/* Begin PBXTargetDependency section */
		2F0DE34B26EF7F7500341456 /* PBXTargetDependency */ = {
			isa = PBXTargetDependency;
			target = 2F0DE33F26EF7F7500341456 /* Extension */;
			targetProxy = 2F0DE34A26EF7F7500341456 /* PBXContainerItemProxy */;
		};
/* End PBXTargetDependency section */

/* Begin PBXVariantGroup section */
		2F0DE32E26EF7D9C00341456 /* Main.storyboard */ = {
			isa = PBXVariantGroup;
			children = (
				2F0DE32F26EF7D9C00341456 /* Base */,
			);
			name = Main.storyboard;
			sourceTree = "<group>";
		};
		2F0DE33326EF7D9F00341456 /* LaunchScreen.storyboard */ = {
			isa = PBXVariantGroup;
			children = (
				2F0DE33426EF7D9F00341456 /* Base */,
			);
			name = LaunchScreen.storyboard;
			sourceTree = "<group>";
		};
		2F0DE34626EF7F7500341456 /* MainInterface.storyboard */ = {
			isa = PBXVariantGroup;
			children = (
				2F0DE34726EF7F7500341456 /* Base */,
			);
			name = MainInterface.storyboard;
			sourceTree = "<group>";
		};
/* End PBXVariantGroup section */

/* Begin XCBuildConfiguration section */
		2F0DE33726EF7D9F00341456 /* Debug */ = {
			isa = XCBuildConfiguration;
			buildSettings = {
				ALWAYS_SEARCH_USER_PATHS = NO;
				CLANG_ANALYZER_NONNULL = YES;
				CLANG_ANALYZER_NUMBER_OBJECT_CONVERSION = YES_AGGRESSIVE;
				CLANG_CXX_LANGUAGE_STANDARD = "gnu++14";
				CLANG_CXX_LIBRARY = "libc++";
				CLANG_ENABLE_MODULES = YES;
				CLANG_ENABLE_OBJC_ARC = YES;
				CLANG_ENABLE_OBJC_WEAK = YES;
				CLANG_WARN_BLOCK_CAPTURE_AUTORELEASING = YES;
				CLANG_WARN_BOOL_CONVERSION = YES;
				CLANG_WARN_COMMA = YES;
				CLANG_WARN_CONSTANT_CONVERSION = YES;
				CLANG_WARN_DEPRECATED_OBJC_IMPLEMENTATIONS = YES;
				CLANG_WARN_DIRECT_OBJC_ISA_USAGE = YES_ERROR;
				CLANG_WARN_DOCUMENTATION_COMMENTS = YES;
				CLANG_WARN_EMPTY_BODY = YES;
				CLANG_WARN_ENUM_CONVERSION = YES;
				CLANG_WARN_INFINITE_RECURSION = YES;
				CLANG_WARN_INT_CONVERSION = YES;
				CLANG_WARN_NON_LITERAL_NULL_CONVERSION = YES;
				CLANG_WARN_OBJC_IMPLICIT_RETAIN_SELF = YES;
				CLANG_WARN_OBJC_LITERAL_CONVERSION = YES;
				CLANG_WARN_OBJC_ROOT_CLASS = YES_ERROR;
				CLANG_WARN_QUOTED_INCLUDE_IN_FRAMEWORK_HEADER = YES;
				CLANG_WARN_RANGE_LOOP_ANALYSIS = YES;
				CLANG_WARN_STRICT_PROTOTYPES = YES;
				CLANG_WARN_SUSPICIOUS_MOVE = YES;
				CLANG_WARN_UNGUARDED_AVAILABILITY = YES_AGGRESSIVE;
				CLANG_WARN_UNREACHABLE_CODE = YES;
				CLANG_WARN__DUPLICATE_METHOD_MATCH = YES;
				COPY_PHASE_STRIP = NO;
				DEBUG_INFORMATION_FORMAT = dwarf;
				ENABLE_STRICT_OBJC_MSGSEND = YES;
				ENABLE_TESTABILITY = YES;
				GCC_C_LANGUAGE_STANDARD = gnu11;
				GCC_DYNAMIC_NO_PIC = NO;
				GCC_NO_COMMON_BLOCKS = YES;
				GCC_OPTIMIZATION_LEVEL = 0;
				GCC_PREPROCESSOR_DEFINITIONS = (
					"DEBUG=1",
					"$(inherited)",
				);
				GCC_WARN_64_TO_32_BIT_CONVERSION = YES;
				GCC_WARN_ABOUT_RETURN_TYPE = YES_ERROR;
				GCC_WARN_UNDECLARED_SELECTOR = YES;
				GCC_WARN_UNINITIALIZED_AUTOS = YES_AGGRESSIVE;
				GCC_WARN_UNUSED_FUNCTION = YES;
				GCC_WARN_UNUSED_VARIABLE = YES;
				IPHONEOS_DEPLOYMENT_TARGET = 14.5;
				MTL_ENABLE_DEBUG_INFO = INCLUDE_SOURCE;
				MTL_FAST_MATH = YES;
				ONLY_ACTIVE_ARCH = YES;
				SDKROOT = iphoneos;
				SWIFT_ACTIVE_COMPILATION_CONDITIONS = DEBUG;
				SWIFT_OPTIMIZATION_LEVEL = "-Onone";
			};
			name = Debug;
		};
		2F0DE33826EF7D9F00341456 /* Release */ = {
			isa = XCBuildConfiguration;
			buildSettings = {
				ALWAYS_SEARCH_USER_PATHS = NO;
				CLANG_ANALYZER_NONNULL = YES;
				CLANG_ANALYZER_NUMBER_OBJECT_CONVERSION = YES_AGGRESSIVE;
				CLANG_CXX_LANGUAGE_STANDARD = "gnu++14";
				CLANG_CXX_LIBRARY = "libc++";
				CLANG_ENABLE_MODULES = YES;
				CLANG_ENABLE_OBJC_ARC = YES;
				CLANG_ENABLE_OBJC_WEAK = YES;
				CLANG_WARN_BLOCK_CAPTURE_AUTORELEASING = YES;
				CLANG_WARN_BOOL_CONVERSION = YES;
				CLANG_WARN_COMMA = YES;
				CLANG_WARN_CONSTANT_CONVERSION = YES;
				CLANG_WARN_DEPRECATED_OBJC_IMPLEMENTATIONS = YES;
				CLANG_WARN_DIRECT_OBJC_ISA_USAGE = YES_ERROR;
				CLANG_WARN_DOCUMENTATION_COMMENTS = YES;
				CLANG_WARN_EMPTY_BODY = YES;
				CLANG_WARN_ENUM_CONVERSION = YES;
				CLANG_WARN_INFINITE_RECURSION = YES;
				CLANG_WARN_INT_CONVERSION = YES;
				CLANG_WARN_NON_LITERAL_NULL_CONVERSION = YES;
				CLANG_WARN_OBJC_IMPLICIT_RETAIN_SELF = YES;
				CLANG_WARN_OBJC_LITERAL_CONVERSION = YES;
				CLANG_WARN_OBJC_ROOT_CLASS = YES_ERROR;
				CLANG_WARN_QUOTED_INCLUDE_IN_FRAMEWORK_HEADER = YES;
				CLANG_WARN_RANGE_LOOP_ANALYSIS = YES;
				CLANG_WARN_STRICT_PROTOTYPES = YES;
				CLANG_WARN_SUSPICIOUS_MOVE = YES;
				CLANG_WARN_UNGUARDED_AVAILABILITY = YES_AGGRESSIVE;
				CLANG_WARN_UNREACHABLE_CODE = YES;
				CLANG_WARN__DUPLICATE_METHOD_MATCH = YES;
				COPY_PHASE_STRIP = NO;
				DEBUG_INFORMATION_FORMAT = "dwarf-with-dsym";
				ENABLE_NS_ASSERTIONS = NO;
				ENABLE_STRICT_OBJC_MSGSEND = YES;
				GCC_C_LANGUAGE_STANDARD = gnu11;
				GCC_NO_COMMON_BLOCKS = YES;
				GCC_WARN_64_TO_32_BIT_CONVERSION = YES;
				GCC_WARN_ABOUT_RETURN_TYPE = YES_ERROR;
				GCC_WARN_UNDECLARED_SELECTOR = YES;
				GCC_WARN_UNINITIALIZED_AUTOS = YES_AGGRESSIVE;
				GCC_WARN_UNUSED_FUNCTION = YES;
				GCC_WARN_UNUSED_VARIABLE = YES;
				IPHONEOS_DEPLOYMENT_TARGET = 14.5;
				MTL_ENABLE_DEBUG_INFO = NO;
				MTL_FAST_MATH = YES;
				SDKROOT = iphoneos;
				SWIFT_COMPILATION_MODE = wholemodule;
				SWIFT_OPTIMIZATION_LEVEL = "-O";
				VALIDATE_PRODUCT = YES;
			};
			name = Release;
		};
		2F0DE33A26EF7D9F00341456 /* Debug */ = {
			isa = XCBuildConfiguration;
			buildSettings = {
				ALWAYS_EMBED_SWIFT_STANDARD_LIBRARIES = YES;
				ASSETCATALOG_COMPILER_APPICON_NAME = AppIcon;
				ASSETCATALOG_COMPILER_GLOBAL_ACCENT_COLOR_NAME = AccentColor;
				CODE_SIGN_ENTITLEMENTS = Project19_JavaScriptInjection/Project19_JavaScriptInjection.entitlements;
				CODE_SIGN_STYLE = Automatic;
				DEVELOPMENT_TEAM = J9GJAN323Z;
				INFOPLIST_FILE = Project19_JavaScriptInjection/Info.plist;
				LD_RUNPATH_SEARCH_PATHS = (
					"$(inherited)",
					"@executable_path/Frameworks",
				);
				PRODUCT_BUNDLE_IDENTIFIER = "com.tyler.Project19-JavaScriptInjection";
				PRODUCT_NAME = "$(TARGET_NAME)";
				SWIFT_VERSION = 5.0;
				TARGETED_DEVICE_FAMILY = "1,2";
			};
			name = Debug;
		};
		2F0DE33B26EF7D9F00341456 /* Release */ = {
			isa = XCBuildConfiguration;
			buildSettings = {
				ALWAYS_EMBED_SWIFT_STANDARD_LIBRARIES = YES;
				ASSETCATALOG_COMPILER_APPICON_NAME = AppIcon;
				ASSETCATALOG_COMPILER_GLOBAL_ACCENT_COLOR_NAME = AccentColor;
				CODE_SIGN_ENTITLEMENTS = Project19_JavaScriptInjection/Project19_JavaScriptInjection.entitlements;
				CODE_SIGN_STYLE = Automatic;
				DEVELOPMENT_TEAM = J9GJAN323Z;
				INFOPLIST_FILE = Project19_JavaScriptInjection/Info.plist;
				LD_RUNPATH_SEARCH_PATHS = (
					"$(inherited)",
					"@executable_path/Frameworks",
				);
				PRODUCT_BUNDLE_IDENTIFIER = "com.tyler.Project19-JavaScriptInjection";
				PRODUCT_NAME = "$(TARGET_NAME)";
				SWIFT_VERSION = 5.0;
				TARGETED_DEVICE_FAMILY = "1,2";
			};
			name = Release;
		};
		2F0DE34E26EF7F7500341456 /* Debug */ = {
			isa = XCBuildConfiguration;
			buildSettings = {
				CODE_SIGN_ENTITLEMENTS = Extension/Extension.entitlements;
				CODE_SIGN_STYLE = Automatic;
				DEVELOPMENT_TEAM = J9GJAN323Z;
				INFOPLIST_FILE = Extension/Info.plist;
				LD_RUNPATH_SEARCH_PATHS = (
					"$(inherited)",
					"@executable_path/Frameworks",
					"@executable_path/../../Frameworks",
				);
				PRODUCT_BUNDLE_IDENTIFIER = "com.tyler.Project19-JavaScriptInjection.Extension";
				PRODUCT_NAME = "$(TARGET_NAME)";
				SKIP_INSTALL = YES;
				SWIFT_VERSION = 5.0;
				TARGETED_DEVICE_FAMILY = "1,2";
			};
			name = Debug;
		};
		2F0DE34F26EF7F7500341456 /* Release */ = {
			isa = XCBuildConfiguration;
			buildSettings = {
				CODE_SIGN_ENTITLEMENTS = Extension/Extension.entitlements;
				CODE_SIGN_STYLE = Automatic;
				DEVELOPMENT_TEAM = J9GJAN323Z;
				INFOPLIST_FILE = Extension/Info.plist;
				LD_RUNPATH_SEARCH_PATHS = (
					"$(inherited)",
					"@executable_path/Frameworks",
					"@executable_path/../../Frameworks",
				);
				PRODUCT_BUNDLE_IDENTIFIER = "com.tyler.Project19-JavaScriptInjection.Extension";
				PRODUCT_NAME = "$(TARGET_NAME)";
				SKIP_INSTALL = YES;
				SWIFT_VERSION = 5.0;
				TARGETED_DEVICE_FAMILY = "1,2";
			};
			name = Release;
		};
/* End XCBuildConfiguration section */

/* Begin XCConfigurationList section */
		2F0DE32026EF7D9C00341456 /* Build configuration list for PBXProject "Project19_JavaScriptInjection" */ = {
			isa = XCConfigurationList;
			buildConfigurations = (
				2F0DE33726EF7D9F00341456 /* Debug */,
				2F0DE33826EF7D9F00341456 /* Release */,
			);
			defaultConfigurationIsVisible = 0;
			defaultConfigurationName = Release;
		};
		2F0DE33926EF7D9F00341456 /* Build configuration list for PBXNativeTarget "Project19_JavaScriptInjection" */ = {
			isa = XCConfigurationList;
			buildConfigurations = (
				2F0DE33A26EF7D9F00341456 /* Debug */,
				2F0DE33B26EF7D9F00341456 /* Release */,
			);
			defaultConfigurationIsVisible = 0;
			defaultConfigurationName = Release;
		};
		2F0DE34D26EF7F7500341456 /* Build configuration list for PBXNativeTarget "Extension" */ = {
			isa = XCConfigurationList;
			buildConfigurations = (
				2F0DE34E26EF7F7500341456 /* Debug */,
				2F0DE34F26EF7F7500341456 /* Release */,
			);
			defaultConfigurationIsVisible = 0;
			defaultConfigurationName = Release;
		};
/* End XCConfigurationList section */
	};
	rootObject = 2F0DE31D26EF7D9C00341456 /* Project object */;
}
