// !$*UTF8*$!
{
	archiveVersion = 1;
	classes = {
	};
	objectVersion = 50;
	objects = {

/* Begin PBXBuildFile section */
		2F4DDC2D2718500000D8DD46 /* AppDelegate.swift in Sources */ = {isa = PBXBuildFile; fileRef = 2F4DDC2C2718500000D8DD46 /* AppDelegate.swift */; };
		2F4DDC2F2718500000D8DD46 /* SceneDelegate.swift in Sources */ = {isa = PBXBuildFile; fileRef = 2F4DDC2E2718500000D8DD46 /* SceneDelegate.swift */; };
		2F4DDC312718500000D8DD46 /* ContentView.swift in Sources */ = {isa = PBXBuildFile; fileRef = 2F4DDC302718500000D8DD46 /* ContentView.swift */; };
		2F4DDC332718500200D8DD46 /* Assets.xcassets in Resources */ = {isa = PBXBuildFile; fileRef = 2F4DDC322718500200D8DD46 /* Assets.xcassets */; };
		2F4DDC362718500200D8DD46 /* Preview Assets.xcassets in Resources */ = {isa = PBXBuildFile; fileRef = 2F4DDC352718500200D8DD46 /* Preview Assets.xcassets */; };
		2F4DDC392718500200D8DD46 /* LaunchScreen.storyboard in Resources */ = {isa = PBXBuildFile; fileRef = 2F4DDC372718500200D8DD46 /* LaunchScreen.storyboard */; };
		2F4DDC41271857AC00D8DD46 /* Order.swift in Sources */ = {isa = PBXBuildFile; fileRef = 2F4DDC40271857AC00D8DD46 /* Order.swift */; };
		2F4DDC4327185A8700D8DD46 /* AddressView.swift in Sources */ = {isa = PBXBuildFile; fileRef = 2F4DDC4227185A8700D8DD46 /* AddressView.swift */; };
		2F4DDC4527185B3B00D8DD46 /* CheckoutView.swift in Sources */ = {isa = PBXBuildFile; fileRef = 2F4DDC4427185B3B00D8DD46 /* CheckoutView.swift */; };
/* End PBXBuildFile section */

/* Begin PBXFileReference section */
		2F4DDC292718500000D8DD46 /* Project10_CupcakeCorner.app */ = {isa = PBXFileReference; explicitFileType = wrapper.application; includeInIndex = 0; path = Project10_CupcakeCorner.app; sourceTree = BUILT_PRODUCTS_DIR; };
		2F4DDC2C2718500000D8DD46 /* AppDelegate.swift */ = {isa = PBXFileReference; lastKnownFileType = sourcecode.swift; path = AppDelegate.swift; sourceTree = "<group>"; };
		2F4DDC2E2718500000D8DD46 /* SceneDelegate.swift */ = {isa = PBXFileReference; lastKnownFileType = sourcecode.swift; path = SceneDelegate.swift; sourceTree = "<group>"; };
		2F4DDC302718500000D8DD46 /* ContentView.swift */ = {isa = PBXFileReference; lastKnownFileType = sourcecode.swift; path = ContentView.swift; sourceTree = "<group>"; };
		2F4DDC322718500200D8DD46 /* Assets.xcassets */ = {isa = PBXFileReference; lastKnownFileType = folder.assetcatalog; path = Assets.xcassets; sourceTree = "<group>"; };
		2F4DDC352718500200D8DD46 /* Preview Assets.xcassets */ = {isa = PBXFileReference; lastKnownFileType = folder.assetcatalog; path = "Preview Assets.xcassets"; sourceTree = "<group>"; };
		2F4DDC382718500200D8DD46 /* Base */ = {isa = PBXFileReference; lastKnownFileType = file.storyboard; name = Base; path = Base.lproj/LaunchScreen.storyboard; sourceTree = "<group>"; };
		2F4DDC3A2718500200D8DD46 /* Info.plist */ = {isa = PBXFileReference; lastKnownFileType = text.plist.xml; path = Info.plist; sourceTree = "<group>"; };
		2F4DDC40271857AC00D8DD46 /* Order.swift */ = {isa = PBXFileReference; lastKnownFileType = sourcecode.swift; path = Order.swift; sourceTree = "<group>"; };
		2F4DDC4227185A8700D8DD46 /* AddressView.swift */ = {isa = PBXFileReference; lastKnownFileType = sourcecode.swift; path = AddressView.swift; sourceTree = "<group>"; };
		2F4DDC4427185B3B00D8DD46 /* CheckoutView.swift */ = {isa = PBXFileReference; lastKnownFileType = sourcecode.swift; path = CheckoutView.swift; sourceTree = "<group>"; };
/* End PBXFileReference section */

/* Begin PBXFrameworksBuildPhase section */
		2F4DDC262718500000D8DD46 /* Frameworks */ = {
			isa = PBXFrameworksBuildPhase;
			buildActionMask = 2147483647;
			files = (
			);
			runOnlyForDeploymentPostprocessing = 0;
		};
/* End PBXFrameworksBuildPhase section */

/* Begin PBXGroup section */
		2F4DDC202718500000D8DD46 = {
			isa = PBXGroup;
			children = (
				2F4DDC2B2718500000D8DD46 /* Project10_CupcakeCorner */,
				2F4DDC2A2718500000D8DD46 /* Products */,
			);
			sourceTree = "<group>";
		};
		2F4DDC2A2718500000D8DD46 /* Products */ = {
			isa = PBXGroup;
			children = (
				2F4DDC292718500000D8DD46 /* Project10_CupcakeCorner.app */,
			);
			name = Products;
			sourceTree = "<group>";
		};
		2F4DDC2B2718500000D8DD46 /* Project10_CupcakeCorner */ = {
			isa = PBXGroup;
			children = (
				2F4DDC2C2718500000D8DD46 /* AppDelegate.swift */,
				2F4DDC2E2718500000D8DD46 /* SceneDelegate.swift */,
				2F4DDC302718500000D8DD46 /* ContentView.swift */,
				2F4DDC4227185A8700D8DD46 /* AddressView.swift */,
				2F4DDC4427185B3B00D8DD46 /* CheckoutView.swift */,
				2F4DDC40271857AC00D8DD46 /* Order.swift */,
				2F4DDC322718500200D8DD46 /* Assets.xcassets */,
				2F4DDC372718500200D8DD46 /* LaunchScreen.storyboard */,
				2F4DDC3A2718500200D8DD46 /* Info.plist */,
				2F4DDC342718500200D8DD46 /* Preview Content */,
			);
			path = Project10_CupcakeCorner;
			sourceTree = "<group>";
		};
		2F4DDC342718500200D8DD46 /* Preview Content */ = {
			isa = PBXGroup;
			children = (
				2F4DDC352718500200D8DD46 /* Preview Assets.xcassets */,
			);
			path = "Preview Content";
			sourceTree = "<group>";
		};
/* End PBXGroup section */

/* Begin PBXNativeTarget section */
		2F4DDC282718500000D8DD46 /* Project10_CupcakeCorner */ = {
			isa = PBXNativeTarget;
			buildConfigurationList = 2F4DDC3D2718500200D8DD46 /* Build configuration list for PBXNativeTarget "Project10_CupcakeCorner" */;
			buildPhases = (
				2F4DDC252718500000D8DD46 /* Sources */,
				2F4DDC262718500000D8DD46 /* Frameworks */,
				2F4DDC272718500000D8DD46 /* Resources */,
			);
			buildRules = (
			);
			dependencies = (
			);
			name = Project10_CupcakeCorner;
			productName = Project10_CupcakeCorner;
			productReference = 2F4DDC292718500000D8DD46 /* Project10_CupcakeCorner.app */;
			productType = "com.apple.product-type.application";
		};
/* End PBXNativeTarget section */

/* Begin PBXProject section */
		2F4DDC212718500000D8DD46 /* Project object */ = {
			isa = PBXProject;
			attributes = {
				LastSwiftUpdateCheck = 1250;
				LastUpgradeCheck = 1250;
				TargetAttributes = {
					2F4DDC282718500000D8DD46 = {
						CreatedOnToolsVersion = 12.5.1;
					};
				};
			};
			buildConfigurationList = 2F4DDC242718500000D8DD46 /* Build configuration list for PBXProject "Project10_CupcakeCorner" */;
			compatibilityVersion = "Xcode 9.3";
			developmentRegion = en;
			hasScannedForEncodings = 0;
			knownRegions = (
				en,
				Base,
			);
			mainGroup = 2F4DDC202718500000D8DD46;
			productRefGroup = 2F4DDC2A2718500000D8DD46 /* Products */;
			projectDirPath = "";
			projectRoot = "";
			targets = (
				2F4DDC282718500000D8DD46 /* Project10_CupcakeCorner */,
			);
		};
/* End PBXProject section */

/* Begin PBXResourcesBuildPhase section */
		2F4DDC272718500000D8DD46 /* Resources */ = {
			isa = PBXResourcesBuildPhase;
			buildActionMask = 2147483647;
			files = (
				2F4DDC392718500200D8DD46 /* LaunchScreen.storyboard in Resources */,
				2F4DDC362718500200D8DD46 /* Preview Assets.xcassets in Resources */,
				2F4DDC332718500200D8DD46 /* Assets.xcassets in Resources */,
			);
			runOnlyForDeploymentPostprocessing = 0;
		};
/* End PBXResourcesBuildPhase section */

/* Begin PBXSourcesBuildPhase section */
		2F4DDC252718500000D8DD46 /* Sources */ = {
			isa = PBXSourcesBuildPhase;
			buildActionMask = 2147483647;
			files = (
				2F4DDC2D2718500000D8DD46 /* AppDelegate.swift in Sources */,
				2F4DDC2F2718500000D8DD46 /* SceneDelegate.swift in Sources */,
				2F4DDC4527185B3B00D8DD46 /* CheckoutView.swift in Sources */,
				2F4DDC41271857AC00D8DD46 /* Order.swift in Sources */,
				2F4DDC312718500000D8DD46 /* ContentView.swift in Sources */,
				2F4DDC4327185A8700D8DD46 /* AddressView.swift in Sources */,
			);
			runOnlyForDeploymentPostprocessing = 0;
		};
/* End PBXSourcesBuildPhase section */

/* Begin PBXVariantGroup section */
		2F4DDC372718500200D8DD46 /* LaunchScreen.storyboard */ = {
			isa = PBXVariantGroup;
			children = (
				2F4DDC382718500200D8DD46 /* Base */,
			);
			name = LaunchScreen.storyboard;
			sourceTree = "<group>";
		};
/* End PBXVariantGroup section */

/* Begin XCBuildConfiguration section */
		2F4DDC3B2718500200D8DD46 /* Debug */ = {
			isa = XCBuildConfiguration;
			buildSettings = {
				ALWAYS_SEARCH_USER_PATHS = NO;
				CLANG_ANALYZER_NONNULL = YES;
				CLANG_ANALYZER_NUMBER_OBJECT_CONVERSION = YES_AGGRESSIVE;
				CLANG_CXX_LANGUAGE_STANDARD = "gnu++14";
				CLANG_CXX_LIBRARY = "libc++";
				CLANG_ENABLE_MODULES = YES;
				CLANG_ENABLE_OBJC_ARC = YES;
				CLANG_ENABLE_OBJC_WEAK = YES;
				CLANG_WARN_BLOCK_CAPTURE_AUTORELEASING = YES;
				CLANG_WARN_BOOL_CONVERSION = YES;
				CLANG_WARN_COMMA = YES;
				CLANG_WARN_CONSTANT_CONVERSION = YES;
				CLANG_WARN_DEPRECATED_OBJC_IMPLEMENTATIONS = YES;
				CLANG_WARN_DIRECT_OBJC_ISA_USAGE = YES_ERROR;
				CLANG_WARN_DOCUMENTATION_COMMENTS = YES;
				CLANG_WARN_EMPTY_BODY = YES;
				CLANG_WARN_ENUM_CONVERSION = YES;
				CLANG_WARN_INFINITE_RECURSION = YES;
				CLANG_WARN_INT_CONVERSION = YES;
				CLANG_WARN_NON_LITERAL_NULL_CONVERSION = YES;
				CLANG_WARN_OBJC_IMPLICIT_RETAIN_SELF = YES;
				CLANG_WARN_OBJC_LITERAL_CONVERSION = YES;
				CLANG_WARN_OBJC_ROOT_CLASS = YES_ERROR;
				CLANG_WARN_QUOTED_INCLUDE_IN_FRAMEWORK_HEADER = YES;
				CLANG_WARN_RANGE_LOOP_ANALYSIS = YES;
				CLANG_WARN_STRICT_PROTOTYPES = YES;
				CLANG_WARN_SUSPICIOUS_MOVE = YES;
				CLANG_WARN_UNGUARDED_AVAILABILITY = YES_AGGRESSIVE;
				CLANG_WARN_UNREACHABLE_CODE = YES;
				CLANG_WARN__DUPLICATE_METHOD_MATCH = YES;
				COPY_PHASE_STRIP = NO;
				DEBUG_INFORMATION_FORMAT = dwarf;
				ENABLE_STRICT_OBJC_MSGSEND = YES;
				ENABLE_TESTABILITY = YES;
				GCC_C_LANGUAGE_STANDARD = gnu11;
				GCC_DYNAMIC_NO_PIC = NO;
				GCC_NO_COMMON_BLOCKS = YES;
				GCC_OPTIMIZATION_LEVEL = 0;
				GCC_PREPROCESSOR_DEFINITIONS = (
					"DEBUG=1",
					"$(inherited)",
				);
				GCC_WARN_64_TO_32_BIT_CONVERSION = YES;
				GCC_WARN_ABOUT_RETURN_TYPE = YES_ERROR;
				GCC_WARN_UNDECLARED_SELECTOR = YES;
				GCC_WARN_UNINITIALIZED_AUTOS = YES_AGGRESSIVE;
				GCC_WARN_UNUSED_FUNCTION = YES;
				GCC_WARN_UNUSED_VARIABLE = YES;
				IPHONEOS_DEPLOYMENT_TARGET = 14.5;
				MTL_ENABLE_DEBUG_INFO = INCLUDE_SOURCE;
				MTL_FAST_MATH = YES;
				ONLY_ACTIVE_ARCH = YES;
				SDKROOT = iphoneos;
				SWIFT_ACTIVE_COMPILATION_CONDITIONS = DEBUG;
				SWIFT_OPTIMIZATION_LEVEL = "-Onone";
			};
			name = Debug;
		};
		2F4DDC3C2718500200D8DD46 /* Release */ = {
			isa = XCBuildConfiguration;
			buildSettings = {
				ALWAYS_SEARCH_USER_PATHS = NO;
				CLANG_ANALYZER_NONNULL = YES;
				CLANG_ANALYZER_NUMBER_OBJECT_CONVERSION = YES_AGGRESSIVE;
				CLANG_CXX_LANGUAGE_STANDARD = "gnu++14";
				CLANG_CXX_LIBRARY = "libc++";
				CLANG_ENABLE_MODULES = YES;
				CLANG_ENABLE_OBJC_ARC = YES;
				CLANG_ENABLE_OBJC_WEAK = YES;
				CLANG_WARN_BLOCK_CAPTURE_AUTORELEASING = YES;
				CLANG_WARN_BOOL_CONVERSION = YES;
				CLANG_WARN_COMMA = YES;
				CLANG_WARN_CONSTANT_CONVERSION = YES;
				CLANG_WARN_DEPRECATED_OBJC_IMPLEMENTATIONS = YES;
				CLANG_WARN_DIRECT_OBJC_ISA_USAGE = YES_ERROR;
				CLANG_WARN_DOCUMENTATION_COMMENTS = YES;
				CLANG_WARN_EMPTY_BODY = YES;
				CLANG_WARN_ENUM_CONVERSION = YES;
				CLANG_WARN_INFINITE_RECURSION = YES;
				CLANG_WARN_INT_CONVERSION = YES;
				CLANG_WARN_NON_LITERAL_NULL_CONVERSION = YES;
				CLANG_WARN_OBJC_IMPLICIT_RETAIN_SELF = YES;
				CLANG_WARN_OBJC_LITERAL_CONVERSION = YES;
				CLANG_WARN_OBJC_ROOT_CLASS = YES_ERROR;
				CLANG_WARN_QUOTED_INCLUDE_IN_FRAMEWORK_HEADER = YES;
				CLANG_WARN_RANGE_LOOP_ANALYSIS = YES;
				CLANG_WARN_STRICT_PROTOTYPES = YES;
				CLANG_WARN_SUSPICIOUS_MOVE = YES;
				CLANG_WARN_UNGUARDED_AVAILABILITY = YES_AGGRESSIVE;
				CLANG_WARN_UNREACHABLE_CODE = YES;
				CLANG_WARN__DUPLICATE_METHOD_MATCH = YES;
				COPY_PHASE_STRIP = NO;
				DEBUG_INFORMATION_FORMAT = "dwarf-with-dsym";
				ENABLE_NS_ASSERTIONS = NO;
				ENABLE_STRICT_OBJC_MSGSEND = YES;
				GCC_C_LANGUAGE_STANDARD = gnu11;
				GCC_NO_COMMON_BLOCKS = YES;
				GCC_WARN_64_TO_32_BIT_CONVERSION = YES;
				GCC_WARN_ABOUT_RETURN_TYPE = YES_ERROR;
				GCC_WARN_UNDECLARED_SELECTOR = YES;
				GCC_WARN_UNINITIALIZED_AUTOS = YES_AGGRESSIVE;
				GCC_WARN_UNUSED_FUNCTION = YES;
				GCC_WARN_UNUSED_VARIABLE = YES;
				IPHONEOS_DEPLOYMENT_TARGET = 14.5;
				MTL_ENABLE_DEBUG_INFO = NO;
				MTL_FAST_MATH = YES;
				SDKROOT = iphoneos;
				SWIFT_COMPILATION_MODE = wholemodule;
				SWIFT_OPTIMIZATION_LEVEL = "-O";
				VALIDATE_PRODUCT = YES;
			};
			name = Release;
		};
		2F4DDC3E2718500200D8DD46 /* Debug */ = {
			isa = XCBuildConfiguration;
			buildSettings = {
				ASSETCATALOG_COMPILER_APPICON_NAME = AppIcon;
				ASSETCATALOG_COMPILER_GLOBAL_ACCENT_COLOR_NAME = AccentColor;
				CODE_SIGN_STYLE = Automatic;
				DEVELOPMENT_ASSET_PATHS = "\"Project10_CupcakeCorner/Preview Content\"";
				DEVELOPMENT_TEAM = J9GJAN323Z;
				ENABLE_PREVIEWS = YES;
				INFOPLIST_FILE = Project10_CupcakeCorner/Info.plist;
				LD_RUNPATH_SEARCH_PATHS = (
					"$(inherited)",
					"@executable_path/Frameworks",
				);
				PRODUCT_BUNDLE_IDENTIFIER = "com.tyler.Project10-CupcakeCorner";
				PRODUCT_NAME = "$(TARGET_NAME)";
				SWIFT_VERSION = 5.0;
				TARGETED_DEVICE_FAMILY = "1,2";
			};
			name = Debug;
		};
		2F4DDC3F2718500200D8DD46 /* Release */ = {
			isa = XCBuildConfiguration;
			buildSettings = {
				ASSETCATALOG_COMPILER_APPICON_NAME = AppIcon;
				ASSETCATALOG_COMPILER_GLOBAL_ACCENT_COLOR_NAME = AccentColor;
				CODE_SIGN_STYLE = Automatic;
				DEVELOPMENT_ASSET_PATHS = "\"Project10_CupcakeCorner/Preview Content\"";
				DEVELOPMENT_TEAM = J9GJAN323Z;
				ENABLE_PREVIEWS = YES;
				INFOPLIST_FILE = Project10_CupcakeCorner/Info.plist;
				LD_RUNPATH_SEARCH_PATHS = (
					"$(inherited)",
					"@executable_path/Frameworks",
				);
				PRODUCT_BUNDLE_IDENTIFIER = "com.tyler.Project10-CupcakeCorner";
				PRODUCT_NAME = "$(TARGET_NAME)";
				SWIFT_VERSION = 5.0;
				TARGETED_DEVICE_FAMILY = "1,2";
			};
			name = Release;
		};
/* End XCBuildConfiguration section */

/* Begin XCConfigurationList section */
		2F4DDC242718500000D8DD46 /* Build configuration list for PBXProject "Project10_CupcakeCorner" */ = {
			isa = XCConfigurationList;
			buildConfigurations = (
				2F4DDC3B2718500200D8DD46 /* Debug */,
				2F4DDC3C2718500200D8DD46 /* Release */,
			);
			defaultConfigurationIsVisible = 0;
			defaultConfigurationName = Release;
		};
		2F4DDC3D2718500200D8DD46 /* Build configuration list for PBXNativeTarget "Project10_CupcakeCorner" */ = {
			isa = XCConfigurationList;
			buildConfigurations = (
				2F4DDC3E2718500200D8DD46 /* Debug */,
				2F4DDC3F2718500200D8DD46 /* Release */,
			);
			defaultConfigurationIsVisible = 0;
			defaultConfigurationName = Release;
		};
/* End XCConfigurationList section */
	};
	rootObject = 2F4DDC212718500000D8DD46 /* Project object */;
}
