// !$*UTF8*$!
{
	archiveVersion = 1;
	classes = {
	};
	objectVersion = 50;
	objects = {

/* Begin PBXBuildFile section */
		2FA3715B26E8F9AC00741ABF /* AppDelegate.swift in Sources */ = {isa = PBXBuildFile; fileRef = 2FA3715A26E8F9AC00741ABF /* AppDelegate.swift */; };
		2FA3715D26E8F9AC00741ABF /* GameScene.sks in Resources */ = {isa = PBXBuildFile; fileRef = 2FA3715C26E8F9AC00741ABF /* GameScene.sks */; };
		2FA3716126E8F9AC00741ABF /* GameScene.swift in Sources */ = {isa = PBXBuildFile; fileRef = 2FA3716026E8F9AC00741ABF /* GameScene.swift */; };
		2FA3716326E8F9AC00741ABF /* GameViewController.swift in Sources */ = {isa = PBXBuildFile; fileRef = 2FA3716226E8F9AC00741ABF /* GameViewController.swift */; };
		2FA3716626E8F9AC00741ABF /* Main.storyboard in Resources */ = {isa = PBXBuildFile; fileRef = 2FA3716426E8F9AC00741ABF /* Main.storyboard */; };
		2FA3716826E8F9AF00741ABF /* Assets.xcassets in Resources */ = {isa = PBXBuildFile; fileRef = 2FA3716726E8F9AF00741ABF /* Assets.xcassets */; };
		2FA3717126E8FA6B00741ABF /* whack.caf in Resources */ = {isa = PBXBuildFile; fileRef = 2FA3716F26E8FA6B00741ABF /* whack.caf */; };
		2FA3717226E8FA6B00741ABF /* whackBad.caf in Resources */ = {isa = PBXBuildFile; fileRef = 2FA3717026E8FA6B00741ABF /* whackBad.caf */; };
		2FA3717426E8FC3500741ABF /* WhackSlot.swift in Sources */ = {isa = PBXBuildFile; fileRef = 2FA3717326E8FC3500741ABF /* WhackSlot.swift */; };
/* End PBXBuildFile section */

/* Begin PBXFileReference section */
		2FA3715726E8F9AC00741ABF /* Project14_Whack-a-Penguin.app */ = {isa = PBXFileReference; explicitFileType = wrapper.application; includeInIndex = 0; path = "Project14_Whack-a-Penguin.app"; sourceTree = BUILT_PRODUCTS_DIR; };
		2FA3715A26E8F9AC00741ABF /* AppDelegate.swift */ = {isa = PBXFileReference; lastKnownFileType = sourcecode.swift; path = AppDelegate.swift; sourceTree = "<group>"; };
		2FA3715C26E8F9AC00741ABF /* GameScene.sks */ = {isa = PBXFileReference; lastKnownFileType = file.sks; path = GameScene.sks; sourceTree = "<group>"; };
		2FA3716026E8F9AC00741ABF /* GameScene.swift */ = {isa = PBXFileReference; lastKnownFileType = sourcecode.swift; path = GameScene.swift; sourceTree = "<group>"; };
		2FA3716226E8F9AC00741ABF /* GameViewController.swift */ = {isa = PBXFileReference; lastKnownFileType = sourcecode.swift; path = GameViewController.swift; sourceTree = "<group>"; };
		2FA3716526E8F9AC00741ABF /* Base */ = {isa = PBXFileReference; lastKnownFileType = file.storyboard; name = Base; path = Base.lproj/Main.storyboard; sourceTree = "<group>"; };
		2FA3716726E8F9AF00741ABF /* Assets.xcassets */ = {isa = PBXFileReference; lastKnownFileType = folder.assetcatalog; path = Assets.xcassets; sourceTree = "<group>"; };
		2FA3716926E8F9AF00741ABF /* Info.plist */ = {isa = PBXFileReference; lastKnownFileType = text.plist.xml; path = Info.plist; sourceTree = "<group>"; };
		2FA3716F26E8FA6B00741ABF /* whack.caf */ = {isa = PBXFileReference; lastKnownFileType = file; path = whack.caf; sourceTree = "<group>"; };
		2FA3717026E8FA6B00741ABF /* whackBad.caf */ = {isa = PBXFileReference; lastKnownFileType = file; path = whackBad.caf; sourceTree = "<group>"; };
		2FA3717326E8FC3500741ABF /* WhackSlot.swift */ = {isa = PBXFileReference; lastKnownFileType = sourcecode.swift; path = WhackSlot.swift; sourceTree = "<group>"; };
/* End PBXFileReference section */

/* Begin PBXFrameworksBuildPhase section */
		2FA3715426E8F9AC00741ABF /* Frameworks */ = {
			isa = PBXFrameworksBuildPhase;
			buildActionMask = 2147483647;
			files = (
			);
			runOnlyForDeploymentPostprocessing = 0;
		};
/* End PBXFrameworksBuildPhase section */

/* Begin PBXGroup section */
		2FA3714E26E8F9AC00741ABF = {
			isa = PBXGroup;
			children = (
				2FA3715926E8F9AC00741ABF /* Project14_Whack-a-Penguin */,
				2FA3715826E8F9AC00741ABF /* Products */,
			);
			sourceTree = "<group>";
		};
		2FA3715826E8F9AC00741ABF /* Products */ = {
			isa = PBXGroup;
			children = (
				2FA3715726E8F9AC00741ABF /* Project14_Whack-a-Penguin.app */,
			);
			name = Products;
			sourceTree = "<group>";
		};
		2FA3715926E8F9AC00741ABF /* Project14_Whack-a-Penguin */ = {
			isa = PBXGroup;
			children = (
				2FA3715A26E8F9AC00741ABF /* AppDelegate.swift */,
				2FA3715C26E8F9AC00741ABF /* GameScene.sks */,
				2FA3716026E8F9AC00741ABF /* GameScene.swift */,
				2FA3716226E8F9AC00741ABF /* GameViewController.swift */,
				2FA3717326E8FC3500741ABF /* WhackSlot.swift */,
				2FA3716426E8F9AC00741ABF /* Main.storyboard */,
				2FA3716726E8F9AF00741ABF /* Assets.xcassets */,
				2FA3716926E8F9AF00741ABF /* Info.plist */,
				2FA3716F26E8FA6B00741ABF /* whack.caf */,
				2FA3717026E8FA6B00741ABF /* whackBad.caf */,
			);
			path = "Project14_Whack-a-Penguin";
			sourceTree = "<group>";
		};
/* End PBXGroup section */

/* Begin PBXNativeTarget section */
		2FA3715626E8F9AC00741ABF /* Project14_Whack-a-Penguin */ = {
			isa = PBXNativeTarget;
			buildConfigurationList = 2FA3716C26E8F9AF00741ABF /* Build configuration list for PBXNativeTarget "Project14_Whack-a-Penguin" */;
			buildPhases = (
				2FA3715326E8F9AC00741ABF /* Sources */,
				2FA3715426E8F9AC00741ABF /* Frameworks */,
				2FA3715526E8F9AC00741ABF /* Resources */,
			);
			buildRules = (
			);
			dependencies = (
			);
			name = "Project14_Whack-a-Penguin";
			productName = "Project14_Whack-a-Penguin";
			productReference = 2FA3715726E8F9AC00741ABF /* Project14_Whack-a-Penguin.app */;
			productType = "com.apple.product-type.application";
		};
/* End PBXNativeTarget section */

/* Begin PBXProject section */
		2FA3714F26E8F9AC00741ABF /* Project object */ = {
			isa = PBXProject;
			attributes = {
				LastSwiftUpdateCheck = 1250;
				LastUpgradeCheck = 1250;
				TargetAttributes = {
					2FA3715626E8F9AC00741ABF = {
						CreatedOnToolsVersion = 12.5.1;
					};
				};
			};
			buildConfigurationList = 2FA3715226E8F9AC00741ABF /* Build configuration list for PBXProject "Project14_Whack-a-Penguin" */;
			compatibilityVersion = "Xcode 9.3";
			developmentRegion = en;
			hasScannedForEncodings = 0;
			knownRegions = (
				en,
				Base,
			);
			mainGroup = 2FA3714E26E8F9AC00741ABF;
			productRefGroup = 2FA3715826E8F9AC00741ABF /* Products */;
			projectDirPath = "";
			projectRoot = "";
			targets = (
				2FA3715626E8F9AC00741ABF /* Project14_Whack-a-Penguin */,
			);
		};
/* End PBXProject section */

/* Begin PBXResourcesBuildPhase section */
		2FA3715526E8F9AC00741ABF /* Resources */ = {
			isa = PBXResourcesBuildPhase;
			buildActionMask = 2147483647;
			files = (
				2FA3717226E8FA6B00741ABF /* whackBad.caf in Resources */,
				2FA3716626E8F9AC00741ABF /* Main.storyboard in Resources */,
				2FA3715D26E8F9AC00741ABF /* GameScene.sks in Resources */,
				2FA3716826E8F9AF00741ABF /* Assets.xcassets in Resources */,
				2FA3717126E8FA6B00741ABF /* whack.caf in Resources */,
			);
			runOnlyForDeploymentPostprocessing = 0;
		};
/* End PBXResourcesBuildPhase section */

/* Begin PBXSourcesBuildPhase section */
		2FA3715326E8F9AC00741ABF /* Sources */ = {
			isa = PBXSourcesBuildPhase;
			buildActionMask = 2147483647;
			files = (
				2FA3716126E8F9AC00741ABF /* GameScene.swift in Sources */,
				2FA3716326E8F9AC00741ABF /* GameViewController.swift in Sources */,
				2FA3717426E8FC3500741ABF /* WhackSlot.swift in Sources */,
				2FA3715B26E8F9AC00741ABF /* AppDelegate.swift in Sources */,
			);
			runOnlyForDeploymentPostprocessing = 0;
		};
/* End PBXSourcesBuildPhase section */

/* Begin PBXVariantGroup section */
		2FA3716426E8F9AC00741ABF /* Main.storyboard */ = {
			isa = PBXVariantGroup;
			children = (
				2FA3716526E8F9AC00741ABF /* Base */,
			);
			name = Main.storyboard;
			sourceTree = "<group>";
		};
/* End PBXVariantGroup section */

/* Begin XCBuildConfiguration section */
		2FA3716A26E8F9AF00741ABF /* Debug */ = {
			isa = XCBuildConfiguration;
			buildSettings = {
				ALWAYS_SEARCH_USER_PATHS = NO;
				CLANG_ANALYZER_NONNULL = YES;
				CLANG_ANALYZER_NUMBER_OBJECT_CONVERSION = YES_AGGRESSIVE;
				CLANG_CXX_LANGUAGE_STANDARD = "gnu++14";
				CLANG_CXX_LIBRARY = "libc++";
				CLANG_ENABLE_MODULES = YES;
				CLANG_ENABLE_OBJC_ARC = YES;
				CLANG_ENABLE_OBJC_WEAK = YES;
				CLANG_WARN_BLOCK_CAPTURE_AUTORELEASING = YES;
				CLANG_WARN_BOOL_CONVERSION = YES;
				CLANG_WARN_COMMA = YES;
				CLANG_WARN_CONSTANT_CONVERSION = YES;
				CLANG_WARN_DEPRECATED_OBJC_IMPLEMENTATIONS = YES;
				CLANG_WARN_DIRECT_OBJC_ISA_USAGE = YES_ERROR;
				CLANG_WARN_DOCUMENTATION_COMMENTS = YES;
				CLANG_WARN_EMPTY_BODY = YES;
				CLANG_WARN_ENUM_CONVERSION = YES;
				CLANG_WARN_INFINITE_RECURSION = YES;
				CLANG_WARN_INT_CONVERSION = YES;
				CLANG_WARN_NON_LITERAL_NULL_CONVERSION = YES;
				CLANG_WARN_OBJC_IMPLICIT_RETAIN_SELF = YES;
				CLANG_WARN_OBJC_LITERAL_CONVERSION = YES;
				CLANG_WARN_OBJC_ROOT_CLASS = YES_ERROR;
				CLANG_WARN_QUOTED_INCLUDE_IN_FRAMEWORK_HEADER = YES;
				CLANG_WARN_RANGE_LOOP_ANALYSIS = YES;
				CLANG_WARN_STRICT_PROTOTYPES = YES;
				CLANG_WARN_SUSPICIOUS_MOVE = YES;
				CLANG_WARN_UNGUARDED_AVAILABILITY = YES_AGGRESSIVE;
				CLANG_WARN_UNREACHABLE_CODE = YES;
				CLANG_WARN__DUPLICATE_METHOD_MATCH = YES;
				COPY_PHASE_STRIP = NO;
				DEBUG_INFORMATION_FORMAT = dwarf;
				ENABLE_STRICT_OBJC_MSGSEND = YES;
				ENABLE_TESTABILITY = YES;
				GCC_C_LANGUAGE_STANDARD = gnu11;
				GCC_DYNAMIC_NO_PIC = NO;
				GCC_NO_COMMON_BLOCKS = YES;
				GCC_OPTIMIZATION_LEVEL = 0;
				GCC_PREPROCESSOR_DEFINITIONS = (
					"DEBUG=1",
					"$(inherited)",
				);
				GCC_WARN_64_TO_32_BIT_CONVERSION = YES;
				GCC_WARN_ABOUT_RETURN_TYPE = YES_ERROR;
				GCC_WARN_UNDECLARED_SELECTOR = YES;
				GCC_WARN_UNINITIALIZED_AUTOS = YES_AGGRESSIVE;
				GCC_WARN_UNUSED_FUNCTION = YES;
				GCC_WARN_UNUSED_VARIABLE = YES;
				IPHONEOS_DEPLOYMENT_TARGET = 14.5;
				MTL_ENABLE_DEBUG_INFO = INCLUDE_SOURCE;
				MTL_FAST_MATH = YES;
				ONLY_ACTIVE_ARCH = YES;
				SDKROOT = iphoneos;
				SWIFT_ACTIVE_COMPILATION_CONDITIONS = DEBUG;
				SWIFT_OPTIMIZATION_LEVEL = "-Onone";
			};
			name = Debug;
		};
		2FA3716B26E8F9AF00741ABF /* Release */ = {
			isa = XCBuildConfiguration;
			buildSettings = {
				ALWAYS_SEARCH_USER_PATHS = NO;
				CLANG_ANALYZER_NONNULL = YES;
				CLANG_ANALYZER_NUMBER_OBJECT_CONVERSION = YES_AGGRESSIVE;
				CLANG_CXX_LANGUAGE_STANDARD = "gnu++14";
				CLANG_CXX_LIBRARY = "libc++";
				CLANG_ENABLE_MODULES = YES;
				CLANG_ENABLE_OBJC_ARC = YES;
				CLANG_ENABLE_OBJC_WEAK = YES;
				CLANG_WARN_BLOCK_CAPTURE_AUTORELEASING = YES;
				CLANG_WARN_BOOL_CONVERSION = YES;
				CLANG_WARN_COMMA = YES;
				CLANG_WARN_CONSTANT_CONVERSION = YES;
				CLANG_WARN_DEPRECATED_OBJC_IMPLEMENTATIONS = YES;
				CLANG_WARN_DIRECT_OBJC_ISA_USAGE = YES_ERROR;
				CLANG_WARN_DOCUMENTATION_COMMENTS = YES;
				CLANG_WARN_EMPTY_BODY = YES;
				CLANG_WARN_ENUM_CONVERSION = YES;
				CLANG_WARN_INFINITE_RECURSION = YES;
				CLANG_WARN_INT_CONVERSION = YES;
				CLANG_WARN_NON_LITERAL_NULL_CONVERSION = YES;
				CLANG_WARN_OBJC_IMPLICIT_RETAIN_SELF = YES;
				CLANG_WARN_OBJC_LITERAL_CONVERSION = YES;
				CLANG_WARN_OBJC_ROOT_CLASS = YES_ERROR;
				CLANG_WARN_QUOTED_INCLUDE_IN_FRAMEWORK_HEADER = YES;
				CLANG_WARN_RANGE_LOOP_ANALYSIS = YES;
				CLANG_WARN_STRICT_PROTOTYPES = YES;
				CLANG_WARN_SUSPICIOUS_MOVE = YES;
				CLANG_WARN_UNGUARDED_AVAILABILITY = YES_AGGRESSIVE;
				CLANG_WARN_UNREACHABLE_CODE = YES;
				CLANG_WARN__DUPLICATE_METHOD_MATCH = YES;
				COPY_PHASE_STRIP = NO;
				DEBUG_INFORMATION_FORMAT = "dwarf-with-dsym";
				ENABLE_NS_ASSERTIONS = NO;
				ENABLE_STRICT_OBJC_MSGSEND = YES;
				GCC_C_LANGUAGE_STANDARD = gnu11;
				GCC_NO_COMMON_BLOCKS = YES;
				GCC_WARN_64_TO_32_BIT_CONVERSION = YES;
				GCC_WARN_ABOUT_RETURN_TYPE = YES_ERROR;
				GCC_WARN_UNDECLARED_SELECTOR = YES;
				GCC_WARN_UNINITIALIZED_AUTOS = YES_AGGRESSIVE;
				GCC_WARN_UNUSED_FUNCTION = YES;
				GCC_WARN_UNUSED_VARIABLE = YES;
				IPHONEOS_DEPLOYMENT_TARGET = 14.5;
				MTL_ENABLE_DEBUG_INFO = NO;
				MTL_FAST_MATH = YES;
				SDKROOT = iphoneos;
				SWIFT_COMPILATION_MODE = wholemodule;
				SWIFT_OPTIMIZATION_LEVEL = "-O";
				VALIDATE_PRODUCT = YES;
			};
			name = Release;
		};
		2FA3716D26E8F9AF00741ABF /* Debug */ = {
			isa = XCBuildConfiguration;
			buildSettings = {
				ASSETCATALOG_COMPILER_APPICON_NAME = AppIcon;
				ASSETCATALOG_COMPILER_GLOBAL_ACCENT_COLOR_NAME = AccentColor;
				CODE_SIGN_STYLE = Automatic;
				DEVELOPMENT_TEAM = J9GJAN323Z;
				INFOPLIST_FILE = "Project14_Whack-a-Penguin/Info.plist";
				LD_RUNPATH_SEARCH_PATHS = (
					"$(inherited)",
					"@executable_path/Frameworks",
				);
				PRODUCT_BUNDLE_IDENTIFIER = "com.tyler.Project14-Whack-a-Penguin";
				PRODUCT_NAME = "$(TARGET_NAME)";
				SWIFT_VERSION = 5.0;
				TARGETED_DEVICE_FAMILY = 2;
			};
			name = Debug;
		};
		2FA3716E26E8F9AF00741ABF /* Release */ = {
			isa = XCBuildConfiguration;
			buildSettings = {
				ASSETCATALOG_COMPILER_APPICON_NAME = AppIcon;
				ASSETCATALOG_COMPILER_GLOBAL_ACCENT_COLOR_NAME = AccentColor;
				CODE_SIGN_STYLE = Automatic;
				DEVELOPMENT_TEAM = J9GJAN323Z;
				INFOPLIST_FILE = "Project14_Whack-a-Penguin/Info.plist";
				LD_RUNPATH_SEARCH_PATHS = (
					"$(inherited)",
					"@executable_path/Frameworks",
				);
				PRODUCT_BUNDLE_IDENTIFIER = "com.tyler.Project14-Whack-a-Penguin";
				PRODUCT_NAME = "$(TARGET_NAME)";
				SWIFT_VERSION = 5.0;
				TARGETED_DEVICE_FAMILY = 2;
			};
			name = Release;
		};
/* End XCBuildConfiguration section */

/* Begin XCConfigurationList section */
		2FA3715226E8F9AC00741ABF /* Build configuration list for PBXProject "Project14_Whack-a-Penguin" */ = {
			isa = XCConfigurationList;
			buildConfigurations = (
				2FA3716A26E8F9AF00741ABF /* Debug */,
				2FA3716B26E8F9AF00741ABF /* Release */,
			);
			defaultConfigurationIsVisible = 0;
			defaultConfigurationName = Release;
		};
		2FA3716C26E8F9AF00741ABF /* Build configuration list for PBXNativeTarget "Project14_Whack-a-Penguin" */ = {
			isa = XCConfigurationList;
			buildConfigurations = (
				2FA3716D26E8F9AF00741ABF /* Debug */,
				2FA3716E26E8F9AF00741ABF /* Release */,
			);
			defaultConfigurationIsVisible = 0;
			defaultConfigurationName = Release;
		};
/* End XCConfigurationList section */
	};
	rootObject = 2FA3714F26E8F9AC00741ABF /* Project object */;
}
