// !$*UTF8*$!
{
	archiveVersion = 1;
	classes = {
	};
	objectVersion = 50;
	objects = {

/* Begin PBXBuildFile section */
		2F3DCAA7270F18E200C69662 /* AppDelegate.swift in Sources */ = {isa = PBXBuildFile; fileRef = 2F3DCAA6270F18E200C69662 /* AppDelegate.swift */; };
		2F3DCAA9270F18E200C69662 /* SceneDelegate.swift in Sources */ = {isa = PBXBuildFile; fileRef = 2F3DCAA8270F18E200C69662 /* SceneDelegate.swift */; };
		2F3DCAAB270F18E200C69662 /* ContentView.swift in Sources */ = {isa = PBXBuildFile; fileRef = 2F3DCAAA270F18E200C69662 /* ContentView.swift */; };
		2F3DCAAD270F18E600C69662 /* Assets.xcassets in Resources */ = {isa = PBXBuildFile; fileRef = 2F3DCAAC270F18E600C69662 /* Assets.xcassets */; };
		2F3DCAB0270F18E600C69662 /* Preview Assets.xcassets in Resources */ = {isa = PBXBuildFile; fileRef = 2F3DCAAF270F18E600C69662 /* Preview Assets.xcassets */; };
		2F3DCAB3270F18E600C69662 /* LaunchScreen.storyboard in Resources */ = {isa = PBXBuildFile; fileRef = 2F3DCAB1270F18E600C69662 /* LaunchScreen.storyboard */; };
/* End PBXBuildFile section */

/* Begin PBXFileReference section */
		2F3DCAA3270F18E200C69662 /* Project3_ViewsAndModifiers.app */ = {isa = PBXFileReference; explicitFileType = wrapper.application; includeInIndex = 0; path = Project3_ViewsAndModifiers.app; sourceTree = BUILT_PRODUCTS_DIR; };
		2F3DCAA6270F18E200C69662 /* AppDelegate.swift */ = {isa = PBXFileReference; lastKnownFileType = sourcecode.swift; path = AppDelegate.swift; sourceTree = "<group>"; };
		2F3DCAA8270F18E200C69662 /* SceneDelegate.swift */ = {isa = PBXFileReference; lastKnownFileType = sourcecode.swift; path = SceneDelegate.swift; sourceTree = "<group>"; };
		2F3DCAAA270F18E200C69662 /* ContentView.swift */ = {isa = PBXFileReference; lastKnownFileType = sourcecode.swift; path = ContentView.swift; sourceTree = "<group>"; };
		2F3DCAAC270F18E600C69662 /* Assets.xcassets */ = {isa = PBXFileReference; lastKnownFileType = folder.assetcatalog; path = Assets.xcassets; sourceTree = "<group>"; };
		2F3DCAAF270F18E600C69662 /* Preview Assets.xcassets */ = {isa = PBXFileReference; lastKnownFileType = folder.assetcatalog; path = "Preview Assets.xcassets"; sourceTree = "<group>"; };
		2F3DCAB2270F18E600C69662 /* Base */ = {isa = PBXFileReference; lastKnownFileType = file.storyboard; name = Base; path = Base.lproj/LaunchScreen.storyboard; sourceTree = "<group>"; };
		2F3DCAB4270F18E600C69662 /* Info.plist */ = {isa = PBXFileReference; lastKnownFileType = text.plist.xml; path = Info.plist; sourceTree = "<group>"; };
/* End PBXFileReference section */

/* Begin PBXFrameworksBuildPhase section */
		2F3DCAA0270F18E200C69662 /* Frameworks */ = {
			isa = PBXFrameworksBuildPhase;
			buildActionMask = 2147483647;
			files = (
			);
			runOnlyForDeploymentPostprocessing = 0;
		};
/* End PBXFrameworksBuildPhase section */

/* Begin PBXGroup section */
		2F3DCA9A270F18E200C69662 = {
			isa = PBXGroup;
			children = (
				2F3DCAA5270F18E200C69662 /* Project3_ViewsAndModifiers */,
				2F3DCAA4270F18E200C69662 /* Products */,
			);
			sourceTree = "<group>";
		};
		2F3DCAA4270F18E200C69662 /* Products */ = {
			isa = PBXGroup;
			children = (
				2F3DCAA3270F18E200C69662 /* Project3_ViewsAndModifiers.app */,
			);
			name = Products;
			sourceTree = "<group>";
		};
		2F3DCAA5270F18E200C69662 /* Project3_ViewsAndModifiers */ = {
			isa = PBXGroup;
			children = (
				2F3DCAA6270F18E200C69662 /* AppDelegate.swift */,
				2F3DCAA8270F18E200C69662 /* SceneDelegate.swift */,
				2F3DCAAA270F18E200C69662 /* ContentView.swift */,
				2F3DCAAC270F18E600C69662 /* Assets.xcassets */,
				2F3DCAB1270F18E600C69662 /* LaunchScreen.storyboard */,
				2F3DCAB4270F18E600C69662 /* Info.plist */,
				2F3DCAAE270F18E600C69662 /* Preview Content */,
			);
			path = Project3_ViewsAndModifiers;
			sourceTree = "<group>";
		};
		2F3DCAAE270F18E600C69662 /* Preview Content */ = {
			isa = PBXGroup;
			children = (
				2F3DCAAF270F18E600C69662 /* Preview Assets.xcassets */,
			);
			path = "Preview Content";
			sourceTree = "<group>";
		};
/* End PBXGroup section */

/* Begin PBXNativeTarget section */
		2F3DCAA2270F18E200C69662 /* Project3_ViewsAndModifiers */ = {
			isa = PBXNativeTarget;
			buildConfigurationList = 2F3DCAB7270F18E600C69662 /* Build configuration list for PBXNativeTarget "Project3_ViewsAndModifiers" */;
			buildPhases = (
				2F3DCA9F270F18E200C69662 /* Sources */,
				2F3DCAA0270F18E200C69662 /* Frameworks */,
				2F3DCAA1270F18E200C69662 /* Resources */,
			);
			buildRules = (
			);
			dependencies = (
			);
			name = Project3_ViewsAndModifiers;
			productName = Project3_ViewsAndModifiers;
			productReference = 2F3DCAA3270F18E200C69662 /* Project3_ViewsAndModifiers.app */;
			productType = "com.apple.product-type.application";
		};
/* End PBXNativeTarget section */

/* Begin PBXProject section */
		2F3DCA9B270F18E200C69662 /* Project object */ = {
			isa = PBXProject;
			attributes = {
				LastSwiftUpdateCheck = 1250;
				LastUpgradeCheck = 1250;
				TargetAttributes = {
					2F3DCAA2270F18E200C69662 = {
						CreatedOnToolsVersion = 12.5.1;
					};
				};
			};
			buildConfigurationList = 2F3DCA9E270F18E200C69662 /* Build configuration list for PBXProject "Project3_ViewsAndModifiers" */;
			compatibilityVersion = "Xcode 9.3";
			developmentRegion = en;
			hasScannedForEncodings = 0;
			knownRegions = (
				en,
				Base,
			);
			mainGroup = 2F3DCA9A270F18E200C69662;
			productRefGroup = 2F3DCAA4270F18E200C69662 /* Products */;
			projectDirPath = "";
			projectRoot = "";
			targets = (
				2F3DCAA2270F18E200C69662 /* Project3_ViewsAndModifiers */,
			);
		};
/* End PBXProject section */

/* Begin PBXResourcesBuildPhase section */
		2F3DCAA1270F18E200C69662 /* Resources */ = {
			isa = PBXResourcesBuildPhase;
			buildActionMask = 2147483647;
			files = (
				2F3DCAB3270F18E600C69662 /* LaunchScreen.storyboard in Resources */,
				2F3DCAB0270F18E600C69662 /* Preview Assets.xcassets in Resources */,
				2F3DCAAD270F18E600C69662 /* Assets.xcassets in Resources */,
			);
			runOnlyForDeploymentPostprocessing = 0;
		};
/* End PBXResourcesBuildPhase section */

/* Begin PBXSourcesBuildPhase section */
		2F3DCA9F270F18E200C69662 /* Sources */ = {
			isa = PBXSourcesBuildPhase;
			buildActionMask = 2147483647;
			files = (
				2F3DCAA7270F18E200C69662 /* AppDelegate.swift in Sources */,
				2F3DCAA9270F18E200C69662 /* SceneDelegate.swift in Sources */,
				2F3DCAAB270F18E200C69662 /* ContentView.swift in Sources */,
			);
			runOnlyForDeploymentPostprocessing = 0;
		};
/* End PBXSourcesBuildPhase section */

/* Begin PBXVariantGroup section */
		2F3DCAB1270F18E600C69662 /* LaunchScreen.storyboard */ = {
			isa = PBXVariantGroup;
			children = (
				2F3DCAB2270F18E600C69662 /* Base */,
			);
			name = LaunchScreen.storyboard;
			sourceTree = "<group>";
		};
/* End PBXVariantGroup section */

/* Begin XCBuildConfiguration section */
		2F3DCAB5270F18E600C69662 /* Debug */ = {
			isa = XCBuildConfiguration;
			buildSettings = {
				ALWAYS_SEARCH_USER_PATHS = NO;
				CLANG_ANALYZER_NONNULL = YES;
				CLANG_ANALYZER_NUMBER_OBJECT_CONVERSION = YES_AGGRESSIVE;
				CLANG_CXX_LANGUAGE_STANDARD = "gnu++14";
				CLANG_CXX_LIBRARY = "libc++";
				CLANG_ENABLE_MODULES = YES;
				CLANG_ENABLE_OBJC_ARC = YES;
				CLANG_ENABLE_OBJC_WEAK = YES;
				CLANG_WARN_BLOCK_CAPTURE_AUTORELEASING = YES;
				CLANG_WARN_BOOL_CONVERSION = YES;
				CLANG_WARN_COMMA = YES;
				CLANG_WARN_CONSTANT_CONVERSION = YES;
				CLANG_WARN_DEPRECATED_OBJC_IMPLEMENTATIONS = YES;
				CLANG_WARN_DIRECT_OBJC_ISA_USAGE = YES_ERROR;
				CLANG_WARN_DOCUMENTATION_COMMENTS = YES;
				CLANG_WARN_EMPTY_BODY = YES;
				CLANG_WARN_ENUM_CONVERSION = YES;
				CLANG_WARN_INFINITE_RECURSION = YES;
				CLANG_WARN_INT_CONVERSION = YES;
				CLANG_WARN_NON_LITERAL_NULL_CONVERSION = YES;
				CLANG_WARN_OBJC_IMPLICIT_RETAIN_SELF = YES;
				CLANG_WARN_OBJC_LITERAL_CONVERSION = YES;
				CLANG_WARN_OBJC_ROOT_CLASS = YES_ERROR;
				CLANG_WARN_QUOTED_INCLUDE_IN_FRAMEWORK_HEADER = YES;
				CLANG_WARN_RANGE_LOOP_ANALYSIS = YES;
				CLANG_WARN_STRICT_PROTOTYPES = YES;
				CLANG_WARN_SUSPICIOUS_MOVE = YES;
				CLANG_WARN_UNGUARDED_AVAILABILITY = YES_AGGRESSIVE;
				CLANG_WARN_UNREACHABLE_CODE = YES;
				CLANG_WARN__DUPLICATE_METHOD_MATCH = YES;
				COPY_PHASE_STRIP = NO;
				DEBUG_INFORMATION_FORMAT = dwarf;
				ENABLE_STRICT_OBJC_MSGSEND = YES;
				ENABLE_TESTABILITY = YES;
				GCC_C_LANGUAGE_STANDARD = gnu11;
				GCC_DYNAMIC_NO_PIC = NO;
				GCC_NO_COMMON_BLOCKS = YES;
				GCC_OPTIMIZATION_LEVEL = 0;
				GCC_PREPROCESSOR_DEFINITIONS = (
					"DEBUG=1",
					"$(inherited)",
				);
				GCC_WARN_64_TO_32_BIT_CONVERSION = YES;
				GCC_WARN_ABOUT_RETURN_TYPE = YES_ERROR;
				GCC_WARN_UNDECLARED_SELECTOR = YES;
				GCC_WARN_UNINITIALIZED_AUTOS = YES_AGGRESSIVE;
				GCC_WARN_UNUSED_FUNCTION = YES;
				GCC_WARN_UNUSED_VARIABLE = YES;
				IPHONEOS_DEPLOYMENT_TARGET = 14.5;
				MTL_ENABLE_DEBUG_INFO = INCLUDE_SOURCE;
				MTL_FAST_MATH = YES;
				ONLY_ACTIVE_ARCH = YES;
				SDKROOT = iphoneos;
				SWIFT_ACTIVE_COMPILATION_CONDITIONS = DEBUG;
				SWIFT_OPTIMIZATION_LEVEL = "-Onone";
			};
			name = Debug;
		};
		2F3DCAB6270F18E600C69662 /* Release */ = {
			isa = XCBuildConfiguration;
			buildSettings = {
				ALWAYS_SEARCH_USER_PATHS = NO;
				CLANG_ANALYZER_NONNULL = YES;
				CLANG_ANALYZER_NUMBER_OBJECT_CONVERSION = YES_AGGRESSIVE;
				CLANG_CXX_LANGUAGE_STANDARD = "gnu++14";
				CLANG_CXX_LIBRARY = "libc++";
				CLANG_ENABLE_MODULES = YES;
				CLANG_ENABLE_OBJC_ARC = YES;
				CLANG_ENABLE_OBJC_WEAK = YES;
				CLANG_WARN_BLOCK_CAPTURE_AUTORELEASING = YES;
				CLANG_WARN_BOOL_CONVERSION = YES;
				CLANG_WARN_COMMA = YES;
				CLANG_WARN_CONSTANT_CONVERSION = YES;
				CLANG_WARN_DEPRECATED_OBJC_IMPLEMENTATIONS = YES;
				CLANG_WARN_DIRECT_OBJC_ISA_USAGE = YES_ERROR;
				CLANG_WARN_DOCUMENTATION_COMMENTS = YES;
				CLANG_WARN_EMPTY_BODY = YES;
				CLANG_WARN_ENUM_CONVERSION = YES;
				CLANG_WARN_INFINITE_RECURSION = YES;
				CLANG_WARN_INT_CONVERSION = YES;
				CLANG_WARN_NON_LITERAL_NULL_CONVERSION = YES;
				CLANG_WARN_OBJC_IMPLICIT_RETAIN_SELF = YES;
				CLANG_WARN_OBJC_LITERAL_CONVERSION = YES;
				CLANG_WARN_OBJC_ROOT_CLASS = YES_ERROR;
				CLANG_WARN_QUOTED_INCLUDE_IN_FRAMEWORK_HEADER = YES;
				CLANG_WARN_RANGE_LOOP_ANALYSIS = YES;
				CLANG_WARN_STRICT_PROTOTYPES = YES;
				CLANG_WARN_SUSPICIOUS_MOVE = YES;
				CLANG_WARN_UNGUARDED_AVAILABILITY = YES_AGGRESSIVE;
				CLANG_WARN_UNREACHABLE_CODE = YES;
				CLANG_WARN__DUPLICATE_METHOD_MATCH = YES;
				COPY_PHASE_STRIP = NO;
				DEBUG_INFORMATION_FORMAT = "dwarf-with-dsym";
				ENABLE_NS_ASSERTIONS = NO;
				ENABLE_STRICT_OBJC_MSGSEND = YES;
				GCC_C_LANGUAGE_STANDARD = gnu11;
				GCC_NO_COMMON_BLOCKS = YES;
				GCC_WARN_64_TO_32_BIT_CONVERSION = YES;
				GCC_WARN_ABOUT_RETURN_TYPE = YES_ERROR;
				GCC_WARN_UNDECLARED_SELECTOR = YES;
				GCC_WARN_UNINITIALIZED_AUTOS = YES_AGGRESSIVE;
				GCC_WARN_UNUSED_FUNCTION = YES;
				GCC_WARN_UNUSED_VARIABLE = YES;
				IPHONEOS_DEPLOYMENT_TARGET = 14.5;
				MTL_ENABLE_DEBUG_INFO = NO;
				MTL_FAST_MATH = YES;
				SDKROOT = iphoneos;
				SWIFT_COMPILATION_MODE = wholemodule;
				SWIFT_OPTIMIZATION_LEVEL = "-O";
				VALIDATE_PRODUCT = YES;
			};
			name = Release;
		};
		2F3DCAB8270F18E600C69662 /* Debug */ = {
			isa = XCBuildConfiguration;
			buildSettings = {
				ASSETCATALOG_COMPILER_APPICON_NAME = AppIcon;
				ASSETCATALOG_COMPILER_GLOBAL_ACCENT_COLOR_NAME = AccentColor;
				CODE_SIGN_STYLE = Automatic;
				DEVELOPMENT_ASSET_PATHS = "\"Project3_ViewsAndModifiers/Preview Content\"";
				DEVELOPMENT_TEAM = J9GJAN323Z;
				ENABLE_PREVIEWS = YES;
				INFOPLIST_FILE = Project3_ViewsAndModifiers/Info.plist;
				LD_RUNPATH_SEARCH_PATHS = (
					"$(inherited)",
					"@executable_path/Frameworks",
				);
				PRODUCT_BUNDLE_IDENTIFIER = "com.tyler.Project3-ViewsAndModifiers";
				PRODUCT_NAME = "$(TARGET_NAME)";
				SWIFT_VERSION = 5.0;
				TARGETED_DEVICE_FAMILY = "1,2";
			};
			name = Debug;
		};
		2F3DCAB9270F18E600C69662 /* Release */ = {
			isa = XCBuildConfiguration;
			buildSettings = {
				ASSETCATALOG_COMPILER_APPICON_NAME = AppIcon;
				ASSETCATALOG_COMPILER_GLOBAL_ACCENT_COLOR_NAME = AccentColor;
				CODE_SIGN_STYLE = Automatic;
				DEVELOPMENT_ASSET_PATHS = "\"Project3_ViewsAndModifiers/Preview Content\"";
				DEVELOPMENT_TEAM = J9GJAN323Z;
				ENABLE_PREVIEWS = YES;
				INFOPLIST_FILE = Project3_ViewsAndModifiers/Info.plist;
				LD_RUNPATH_SEARCH_PATHS = (
					"$(inherited)",
					"@executable_path/Frameworks",
				);
				PRODUCT_BUNDLE_IDENTIFIER = "com.tyler.Project3-ViewsAndModifiers";
				PRODUCT_NAME = "$(TARGET_NAME)";
				SWIFT_VERSION = 5.0;
				TARGETED_DEVICE_FAMILY = "1,2";
			};
			name = Release;
		};
/* End XCBuildConfiguration section */

/* Begin XCConfigurationList section */
		2F3DCA9E270F18E200C69662 /* Build configuration list for PBXProject "Project3_ViewsAndModifiers" */ = {
			isa = XCConfigurationList;
			buildConfigurations = (
				2F3DCAB5270F18E600C69662 /* Debug */,
				2F3DCAB6270F18E600C69662 /* Release */,
			);
			defaultConfigurationIsVisible = 0;
			defaultConfigurationName = Release;
		};
		2F3DCAB7270F18E600C69662 /* Build configuration list for PBXNativeTarget "Project3_ViewsAndModifiers" */ = {
			isa = XCConfigurationList;
			buildConfigurations = (
				2F3DCAB8270F18E600C69662 /* Debug */,
				2F3DCAB9270F18E600C69662 /* Release */,
			);
			defaultConfigurationIsVisible = 0;
			defaultConfigurationName = Release;
		};
/* End XCConfigurationList section */
	};
	rootObject = 2F3DCA9B270F18E200C69662 /* Project object */;
}
