// !$*UTF8*$!
{
	archiveVersion = 1;
	classes = {
	};
	objectVersion = 50;
	objects = {

/* Begin PBXBuildFile section */
		2FDFDD8D26E1151100B831AE /* AppDelegate.swift in Sources */ = {isa = PBXBuildFile; fileRef = 2FDFDD8C26E1151100B831AE /* AppDelegate.swift */; };
		2FDFDD8F26E1151100B831AE /* SceneDelegate.swift in Sources */ = {isa = PBXBuildFile; fileRef = 2FDFDD8E26E1151100B831AE /* SceneDelegate.swift */; };
		2FDFDD9126E1151100B831AE /* ViewController.swift in Sources */ = {isa = PBXBuildFile; fileRef = 2FDFDD9026E1151100B831AE /* ViewController.swift */; };
		2FDFDD9426E1151100B831AE /* Main.storyboard in Resources */ = {isa = PBXBuildFile; fileRef = 2FDFDD9226E1151100B831AE /* Main.storyboard */; };
		2FDFDD9626E1151400B831AE /* Assets.xcassets in Resources */ = {isa = PBXBuildFile; fileRef = 2FDFDD9526E1151400B831AE /* Assets.xcassets */; };
		2FDFDD9926E1151400B831AE /* LaunchScreen.storyboard in Resources */ = {isa = PBXBuildFile; fileRef = 2FDFDD9726E1151400B831AE /* LaunchScreen.storyboard */; };
		2FDFDDA226E1210D00B831AE /* level2.txt in Resources */ = {isa = PBXBuildFile; fileRef = 2FDFDDA026E1210D00B831AE /* level2.txt */; };
		2FDFDDA326E1210D00B831AE /* level1.txt in Resources */ = {isa = PBXBuildFile; fileRef = 2FDFDDA126E1210D00B831AE /* level1.txt */; };
/* End PBXBuildFile section */

/* Begin PBXFileReference section */
		2FDFDD8926E1151100B831AE /* Project8_7SwiftyWords.app */ = {isa = PBXFileReference; explicitFileType = wrapper.application; includeInIndex = 0; path = Project8_7SwiftyWords.app; sourceTree = BUILT_PRODUCTS_DIR; };
		2FDFDD8C26E1151100B831AE /* AppDelegate.swift */ = {isa = PBXFileReference; lastKnownFileType = sourcecode.swift; path = AppDelegate.swift; sourceTree = "<group>"; };
		2FDFDD8E26E1151100B831AE /* SceneDelegate.swift */ = {isa = PBXFileReference; lastKnownFileType = sourcecode.swift; path = SceneDelegate.swift; sourceTree = "<group>"; };
		2FDFDD9026E1151100B831AE /* ViewController.swift */ = {isa = PBXFileReference; lastKnownFileType = sourcecode.swift; path = ViewController.swift; sourceTree = "<group>"; };
		2FDFDD9326E1151100B831AE /* Base */ = {isa = PBXFileReference; lastKnownFileType = file.storyboard; name = Base; path = Base.lproj/Main.storyboard; sourceTree = "<group>"; };
		2FDFDD9526E1151400B831AE /* Assets.xcassets */ = {isa = PBXFileReference; lastKnownFileType = folder.assetcatalog; path = Assets.xcassets; sourceTree = "<group>"; };
		2FDFDD9826E1151400B831AE /* Base */ = {isa = PBXFileReference; lastKnownFileType = file.storyboard; name = Base; path = Base.lproj/LaunchScreen.storyboard; sourceTree = "<group>"; };
		2FDFDD9A26E1151400B831AE /* Info.plist */ = {isa = PBXFileReference; lastKnownFileType = text.plist.xml; path = Info.plist; sourceTree = "<group>"; };
		2FDFDDA026E1210D00B831AE /* level2.txt */ = {isa = PBXFileReference; fileEncoding = 4; lastKnownFileType = text; path = level2.txt; sourceTree = "<group>"; };
		2FDFDDA126E1210D00B831AE /* level1.txt */ = {isa = PBXFileReference; fileEncoding = 4; lastKnownFileType = text; path = level1.txt; sourceTree = "<group>"; };
/* End PBXFileReference section */

/* Begin PBXFrameworksBuildPhase section */
		2FDFDD8626E1151100B831AE /* Frameworks */ = {
			isa = PBXFrameworksBuildPhase;
			buildActionMask = 2147483647;
			files = (
			);
			runOnlyForDeploymentPostprocessing = 0;
		};
/* End PBXFrameworksBuildPhase section */

/* Begin PBXGroup section */
		2FDFDD8026E1151100B831AE = {
			isa = PBXGroup;
			children = (
				2FDFDD8B26E1151100B831AE /* Project8_7SwiftyWords */,
				2FDFDD8A26E1151100B831AE /* Products */,
			);
			sourceTree = "<group>";
		};
		2FDFDD8A26E1151100B831AE /* Products */ = {
			isa = PBXGroup;
			children = (
				2FDFDD8926E1151100B831AE /* Project8_7SwiftyWords.app */,
			);
			name = Products;
			sourceTree = "<group>";
		};
		2FDFDD8B26E1151100B831AE /* Project8_7SwiftyWords */ = {
			isa = PBXGroup;
			children = (
				2FDFDD8C26E1151100B831AE /* AppDelegate.swift */,
				2FDFDD8E26E1151100B831AE /* SceneDelegate.swift */,
				2FDFDD9026E1151100B831AE /* ViewController.swift */,
				2FDFDD9226E1151100B831AE /* Main.storyboard */,
				2FDFDD9526E1151400B831AE /* Assets.xcassets */,
				2FDFDD9726E1151400B831AE /* LaunchScreen.storyboard */,
				2FDFDD9A26E1151400B831AE /* Info.plist */,
				2FDFDDA126E1210D00B831AE /* level1.txt */,
				2FDFDDA026E1210D00B831AE /* level2.txt */,
			);
			path = Project8_7SwiftyWords;
			sourceTree = "<group>";
		};
/* End PBXGroup section */

/* Begin PBXNativeTarget section */
		2FDFDD8826E1151100B831AE /* Project8_7SwiftyWords */ = {
			isa = PBXNativeTarget;
			buildConfigurationList = 2FDFDD9D26E1151400B831AE /* Build configuration list for PBXNativeTarget "Project8_7SwiftyWords" */;
			buildPhases = (
				2FDFDD8526E1151100B831AE /* Sources */,
				2FDFDD8626E1151100B831AE /* Frameworks */,
				2FDFDD8726E1151100B831AE /* Resources */,
			);
			buildRules = (
			);
			dependencies = (
			);
			name = Project8_7SwiftyWords;
			productName = Project8_7SwiftyWords;
			productReference = 2FDFDD8926E1151100B831AE /* Project8_7SwiftyWords.app */;
			productType = "com.apple.product-type.application";
		};
/* End PBXNativeTarget section */

/* Begin PBXProject section */
		2FDFDD8126E1151100B831AE /* Project object */ = {
			isa = PBXProject;
			attributes = {
				LastSwiftUpdateCheck = 1250;
				LastUpgradeCheck = 1250;
				TargetAttributes = {
					2FDFDD8826E1151100B831AE = {
						CreatedOnToolsVersion = 12.5.1;
					};
				};
			};
			buildConfigurationList = 2FDFDD8426E1151100B831AE /* Build configuration list for PBXProject "Project8_7SwiftyWords" */;
			compatibilityVersion = "Xcode 9.3";
			developmentRegion = en;
			hasScannedForEncodings = 0;
			knownRegions = (
				en,
				Base,
			);
			mainGroup = 2FDFDD8026E1151100B831AE;
			productRefGroup = 2FDFDD8A26E1151100B831AE /* Products */;
			projectDirPath = "";
			projectRoot = "";
			targets = (
				2FDFDD8826E1151100B831AE /* Project8_7SwiftyWords */,
			);
		};
/* End PBXProject section */

/* Begin PBXResourcesBuildPhase section */
		2FDFDD8726E1151100B831AE /* Resources */ = {
			isa = PBXResourcesBuildPhase;
			buildActionMask = 2147483647;
			files = (
				2FDFDDA326E1210D00B831AE /* level1.txt in Resources */,
				2FDFDD9926E1151400B831AE /* LaunchScreen.storyboard in Resources */,
				2FDFDD9626E1151400B831AE /* Assets.xcassets in Resources */,
				2FDFDDA226E1210D00B831AE /* level2.txt in Resources */,
				2FDFDD9426E1151100B831AE /* Main.storyboard in Resources */,
			);
			runOnlyForDeploymentPostprocessing = 0;
		};
/* End PBXResourcesBuildPhase section */

/* Begin PBXSourcesBuildPhase section */
		2FDFDD8526E1151100B831AE /* Sources */ = {
			isa = PBXSourcesBuildPhase;
			buildActionMask = 2147483647;
			files = (
				2FDFDD9126E1151100B831AE /* ViewController.swift in Sources */,
				2FDFDD8D26E1151100B831AE /* AppDelegate.swift in Sources */,
				2FDFDD8F26E1151100B831AE /* SceneDelegate.swift in Sources */,
			);
			runOnlyForDeploymentPostprocessing = 0;
		};
/* End PBXSourcesBuildPhase section */

/* Begin PBXVariantGroup section */
		2FDFDD9226E1151100B831AE /* Main.storyboard */ = {
			isa = PBXVariantGroup;
			children = (
				2FDFDD9326E1151100B831AE /* Base */,
			);
			name = Main.storyboard;
			sourceTree = "<group>";
		};
		2FDFDD9726E1151400B831AE /* LaunchScreen.storyboard */ = {
			isa = PBXVariantGroup;
			children = (
				2FDFDD9826E1151400B831AE /* Base */,
			);
			name = LaunchScreen.storyboard;
			sourceTree = "<group>";
		};
/* End PBXVariantGroup section */

/* Begin XCBuildConfiguration section */
		2FDFDD9B26E1151400B831AE /* Debug */ = {
			isa = XCBuildConfiguration;
			buildSettings = {
				ALWAYS_SEARCH_USER_PATHS = NO;
				CLANG_ANALYZER_NONNULL = YES;
				CLANG_ANALYZER_NUMBER_OBJECT_CONVERSION = YES_AGGRESSIVE;
				CLANG_CXX_LANGUAGE_STANDARD = "gnu++14";
				CLANG_CXX_LIBRARY = "libc++";
				CLANG_ENABLE_MODULES = YES;
				CLANG_ENABLE_OBJC_ARC = YES;
				CLANG_ENABLE_OBJC_WEAK = YES;
				CLANG_WARN_BLOCK_CAPTURE_AUTORELEASING = YES;
				CLANG_WARN_BOOL_CONVERSION = YES;
				CLANG_WARN_COMMA = YES;
				CLANG_WARN_CONSTANT_CONVERSION = YES;
				CLANG_WARN_DEPRECATED_OBJC_IMPLEMENTATIONS = YES;
				CLANG_WARN_DIRECT_OBJC_ISA_USAGE = YES_ERROR;
				CLANG_WARN_DOCUMENTATION_COMMENTS = YES;
				CLANG_WARN_EMPTY_BODY = YES;
				CLANG_WARN_ENUM_CONVERSION = YES;
				CLANG_WARN_INFINITE_RECURSION = YES;
				CLANG_WARN_INT_CONVERSION = YES;
				CLANG_WARN_NON_LITERAL_NULL_CONVERSION = YES;
				CLANG_WARN_OBJC_IMPLICIT_RETAIN_SELF = YES;
				CLANG_WARN_OBJC_LITERAL_CONVERSION = YES;
				CLANG_WARN_OBJC_ROOT_CLASS = YES_ERROR;
				CLANG_WARN_QUOTED_INCLUDE_IN_FRAMEWORK_HEADER = YES;
				CLANG_WARN_RANGE_LOOP_ANALYSIS = YES;
				CLANG_WARN_STRICT_PROTOTYPES = YES;
				CLANG_WARN_SUSPICIOUS_MOVE = YES;
				CLANG_WARN_UNGUARDED_AVAILABILITY = YES_AGGRESSIVE;
				CLANG_WARN_UNREACHABLE_CODE = YES;
				CLANG_WARN__DUPLICATE_METHOD_MATCH = YES;
				COPY_PHASE_STRIP = NO;
				DEBUG_INFORMATION_FORMAT = dwarf;
				ENABLE_STRICT_OBJC_MSGSEND = YES;
				ENABLE_TESTABILITY = YES;
				GCC_C_LANGUAGE_STANDARD = gnu11;
				GCC_DYNAMIC_NO_PIC = NO;
				GCC_NO_COMMON_BLOCKS = YES;
				GCC_OPTIMIZATION_LEVEL = 0;
				GCC_PREPROCESSOR_DEFINITIONS = (
					"DEBUG=1",
					"$(inherited)",
				);
				GCC_WARN_64_TO_32_BIT_CONVERSION = YES;
				GCC_WARN_ABOUT_RETURN_TYPE = YES_ERROR;
				GCC_WARN_UNDECLARED_SELECTOR = YES;
				GCC_WARN_UNINITIALIZED_AUTOS = YES_AGGRESSIVE;
				GCC_WARN_UNUSED_FUNCTION = YES;
				GCC_WARN_UNUSED_VARIABLE = YES;
				IPHONEOS_DEPLOYMENT_TARGET = 14.5;
				MTL_ENABLE_DEBUG_INFO = INCLUDE_SOURCE;
				MTL_FAST_MATH = YES;
				ONLY_ACTIVE_ARCH = YES;
				SDKROOT = iphoneos;
				SWIFT_ACTIVE_COMPILATION_CONDITIONS = DEBUG;
				SWIFT_OPTIMIZATION_LEVEL = "-Onone";
			};
			name = Debug;
		};
		2FDFDD9C26E1151400B831AE /* Release */ = {
			isa = XCBuildConfiguration;
			buildSettings = {
				ALWAYS_SEARCH_USER_PATHS = NO;
				CLANG_ANALYZER_NONNULL = YES;
				CLANG_ANALYZER_NUMBER_OBJECT_CONVERSION = YES_AGGRESSIVE;
				CLANG_CXX_LANGUAGE_STANDARD = "gnu++14";
				CLANG_CXX_LIBRARY = "libc++";
				CLANG_ENABLE_MODULES = YES;
				CLANG_ENABLE_OBJC_ARC = YES;
				CLANG_ENABLE_OBJC_WEAK = YES;
				CLANG_WARN_BLOCK_CAPTURE_AUTORELEASING = YES;
				CLANG_WARN_BOOL_CONVERSION = YES;
				CLANG_WARN_COMMA = YES;
				CLANG_WARN_CONSTANT_CONVERSION = YES;
				CLANG_WARN_DEPRECATED_OBJC_IMPLEMENTATIONS = YES;
				CLANG_WARN_DIRECT_OBJC_ISA_USAGE = YES_ERROR;
				CLANG_WARN_DOCUMENTATION_COMMENTS = YES;
				CLANG_WARN_EMPTY_BODY = YES;
				CLANG_WARN_ENUM_CONVERSION = YES;
				CLANG_WARN_INFINITE_RECURSION = YES;
				CLANG_WARN_INT_CONVERSION = YES;
				CLANG_WARN_NON_LITERAL_NULL_CONVERSION = YES;
				CLANG_WARN_OBJC_IMPLICIT_RETAIN_SELF = YES;
				CLANG_WARN_OBJC_LITERAL_CONVERSION = YES;
				CLANG_WARN_OBJC_ROOT_CLASS = YES_ERROR;
				CLANG_WARN_QUOTED_INCLUDE_IN_FRAMEWORK_HEADER = YES;
				CLANG_WARN_RANGE_LOOP_ANALYSIS = YES;
				CLANG_WARN_STRICT_PROTOTYPES = YES;
				CLANG_WARN_SUSPICIOUS_MOVE = YES;
				CLANG_WARN_UNGUARDED_AVAILABILITY = YES_AGGRESSIVE;
				CLANG_WARN_UNREACHABLE_CODE = YES;
				CLANG_WARN__DUPLICATE_METHOD_MATCH = YES;
				COPY_PHASE_STRIP = NO;
				DEBUG_INFORMATION_FORMAT = "dwarf-with-dsym";
				ENABLE_NS_ASSERTIONS = NO;
				ENABLE_STRICT_OBJC_MSGSEND = YES;
				GCC_C_LANGUAGE_STANDARD = gnu11;
				GCC_NO_COMMON_BLOCKS = YES;
				GCC_WARN_64_TO_32_BIT_CONVERSION = YES;
				GCC_WARN_ABOUT_RETURN_TYPE = YES_ERROR;
				GCC_WARN_UNDECLARED_SELECTOR = YES;
				GCC_WARN_UNINITIALIZED_AUTOS = YES_AGGRESSIVE;
				GCC_WARN_UNUSED_FUNCTION = YES;
				GCC_WARN_UNUSED_VARIABLE = YES;
				IPHONEOS_DEPLOYMENT_TARGET = 14.5;
				MTL_ENABLE_DEBUG_INFO = NO;
				MTL_FAST_MATH = YES;
				SDKROOT = iphoneos;
				SWIFT_COMPILATION_MODE = wholemodule;
				SWIFT_OPTIMIZATION_LEVEL = "-O";
				VALIDATE_PRODUCT = YES;
			};
			name = Release;
		};
		2FDFDD9E26E1151400B831AE /* Debug */ = {
			isa = XCBuildConfiguration;
			buildSettings = {
				ASSETCATALOG_COMPILER_APPICON_NAME = AppIcon;
				ASSETCATALOG_COMPILER_GLOBAL_ACCENT_COLOR_NAME = AccentColor;
				CODE_SIGN_STYLE = Automatic;
				DEVELOPMENT_TEAM = J9GJAN323Z;
				INFOPLIST_FILE = Project8_7SwiftyWords/Info.plist;
				IPHONEOS_DEPLOYMENT_TARGET = 14.5;
				LD_RUNPATH_SEARCH_PATHS = (
					"$(inherited)",
					"@executable_path/Frameworks",
				);
				PRODUCT_BUNDLE_IDENTIFIER = "com.tyler.Project8-7SwiftyWords";
				PRODUCT_NAME = "$(TARGET_NAME)";
				SWIFT_VERSION = 5.0;
				TARGETED_DEVICE_FAMILY = 2;
			};
			name = Debug;
		};
		2FDFDD9F26E1151400B831AE /* Release */ = {
			isa = XCBuildConfiguration;
			buildSettings = {
				ASSETCATALOG_COMPILER_APPICON_NAME = AppIcon;
				ASSETCATALOG_COMPILER_GLOBAL_ACCENT_COLOR_NAME = AccentColor;
				CODE_SIGN_STYLE = Automatic;
				DEVELOPMENT_TEAM = J9GJAN323Z;
				INFOPLIST_FILE = Project8_7SwiftyWords/Info.plist;
				IPHONEOS_DEPLOYMENT_TARGET = 14.5;
				LD_RUNPATH_SEARCH_PATHS = (
					"$(inherited)",
					"@executable_path/Frameworks",
				);
				PRODUCT_BUNDLE_IDENTIFIER = "com.tyler.Project8-7SwiftyWords";
				PRODUCT_NAME = "$(TARGET_NAME)";
				SWIFT_VERSION = 5.0;
				TARGETED_DEVICE_FAMILY = 2;
			};
			name = Release;
		};
/* End XCBuildConfiguration section */

/* Begin XCConfigurationList section */
		2FDFDD8426E1151100B831AE /* Build configuration list for PBXProject "Project8_7SwiftyWords" */ = {
			isa = XCConfigurationList;
			buildConfigurations = (
				2FDFDD9B26E1151400B831AE /* Debug */,
				2FDFDD9C26E1151400B831AE /* Release */,
			);
			defaultConfigurationIsVisible = 0;
			defaultConfigurationName = Release;
		};
		2FDFDD9D26E1151400B831AE /* Build configuration list for PBXNativeTarget "Project8_7SwiftyWords" */ = {
			isa = XCConfigurationList;
			buildConfigurations = (
				2FDFDD9E26E1151400B831AE /* Debug */,
				2FDFDD9F26E1151400B831AE /* Release */,
			);
			defaultConfigurationIsVisible = 0;
			defaultConfigurationName = Release;
		};
/* End XCConfigurationList section */
	};
	rootObject = 2FDFDD8126E1151100B831AE /* Project object */;
}
