// !$*UTF8*$!
{
	archiveVersion = 1;
	classes = {
	};
	objectVersion = 50;
	objects = {

/* Begin PBXBuildFile section */
		2FDFDD4726DE914D00B831AE /* AppDelegate.swift in Sources */ = {isa = PBXBuildFile; fileRef = 2FDFDD4626DE914D00B831AE /* AppDelegate.swift */; };
		2FDFDD4926DE914D00B831AE /* SceneDelegate.swift in Sources */ = {isa = PBXBuildFile; fileRef = 2FDFDD4826DE914D00B831AE /* SceneDelegate.swift */; };
		2FDFDD4B26DE914D00B831AE /* ViewController.swift in Sources */ = {isa = PBXBuildFile; fileRef = 2FDFDD4A26DE914D00B831AE /* ViewController.swift */; };
		2FDFDD4E26DE914D00B831AE /* Main.storyboard in Resources */ = {isa = PBXBuildFile; fileRef = 2FDFDD4C26DE914D00B831AE /* Main.storyboard */; };
		2FDFDD5026DE915000B831AE /* Assets.xcassets in Resources */ = {isa = PBXBuildFile; fileRef = 2FDFDD4F26DE915000B831AE /* Assets.xcassets */; };
		2FDFDD5326DE915000B831AE /* LaunchScreen.storyboard in Resources */ = {isa = PBXBuildFile; fileRef = 2FDFDD5126DE915000B831AE /* LaunchScreen.storyboard */; };
/* End PBXBuildFile section */

/* Begin PBXFileReference section */
		2FDFDD4326DE914D00B831AE /* Project6b_AutoLayout.app */ = {isa = PBXFileReference; explicitFileType = wrapper.application; includeInIndex = 0; path = Project6b_AutoLayout.app; sourceTree = BUILT_PRODUCTS_DIR; };
		2FDFDD4626DE914D00B831AE /* AppDelegate.swift */ = {isa = PBXFileReference; lastKnownFileType = sourcecode.swift; path = AppDelegate.swift; sourceTree = "<group>"; };
		2FDFDD4826DE914D00B831AE /* SceneDelegate.swift */ = {isa = PBXFileReference; lastKnownFileType = sourcecode.swift; path = SceneDelegate.swift; sourceTree = "<group>"; };
		2FDFDD4A26DE914D00B831AE /* ViewController.swift */ = {isa = PBXFileReference; lastKnownFileType = sourcecode.swift; path = ViewController.swift; sourceTree = "<group>"; };
		2FDFDD4D26DE914D00B831AE /* Base */ = {isa = PBXFileReference; lastKnownFileType = file.storyboard; name = Base; path = Base.lproj/Main.storyboard; sourceTree = "<group>"; };
		2FDFDD4F26DE915000B831AE /* Assets.xcassets */ = {isa = PBXFileReference; lastKnownFileType = folder.assetcatalog; path = Assets.xcassets; sourceTree = "<group>"; };
		2FDFDD5226DE915000B831AE /* Base */ = {isa = PBXFileReference; lastKnownFileType = file.storyboard; name = Base; path = Base.lproj/LaunchScreen.storyboard; sourceTree = "<group>"; };
		2FDFDD5426DE915000B831AE /* Info.plist */ = {isa = PBXFileReference; lastKnownFileType = text.plist.xml; path = Info.plist; sourceTree = "<group>"; };
/* End PBXFileReference section */

/* Begin PBXFrameworksBuildPhase section */
		2FDFDD4026DE914D00B831AE /* Frameworks */ = {
			isa = PBXFrameworksBuildPhase;
			buildActionMask = 2147483647;
			files = (
			);
			runOnlyForDeploymentPostprocessing = 0;
		};
/* End PBXFrameworksBuildPhase section */

/* Begin PBXGroup section */
		2FDFDD3A26DE914D00B831AE = {
			isa = PBXGroup;
			children = (
				2FDFDD4526DE914D00B831AE /* Project6b_AutoLayout */,
				2FDFDD4426DE914D00B831AE /* Products */,
			);
			sourceTree = "<group>";
		};
		2FDFDD4426DE914D00B831AE /* Products */ = {
			isa = PBXGroup;
			children = (
				2FDFDD4326DE914D00B831AE /* Project6b_AutoLayout.app */,
			);
			name = Products;
			sourceTree = "<group>";
		};
		2FDFDD4526DE914D00B831AE /* Project6b_AutoLayout */ = {
			isa = PBXGroup;
			children = (
				2FDFDD4626DE914D00B831AE /* AppDelegate.swift */,
				2FDFDD4826DE914D00B831AE /* SceneDelegate.swift */,
				2FDFDD4A26DE914D00B831AE /* ViewController.swift */,
				2FDFDD4C26DE914D00B831AE /* Main.storyboard */,
				2FDFDD4F26DE915000B831AE /* Assets.xcassets */,
				2FDFDD5126DE915000B831AE /* LaunchScreen.storyboard */,
				2FDFDD5426DE915000B831AE /* Info.plist */,
			);
			path = Project6b_AutoLayout;
			sourceTree = "<group>";
		};
/* End PBXGroup section */

/* Begin PBXNativeTarget section */
		2FDFDD4226DE914D00B831AE /* Project6b_AutoLayout */ = {
			isa = PBXNativeTarget;
			buildConfigurationList = 2FDFDD5726DE915000B831AE /* Build configuration list for PBXNativeTarget "Project6b_AutoLayout" */;
			buildPhases = (
				2FDFDD3F26DE914D00B831AE /* Sources */,
				2FDFDD4026DE914D00B831AE /* Frameworks */,
				2FDFDD4126DE914D00B831AE /* Resources */,
			);
			buildRules = (
			);
			dependencies = (
			);
			name = Project6b_AutoLayout;
			productName = Project6b_AutoLayout;
			productReference = 2FDFDD4326DE914D00B831AE /* Project6b_AutoLayout.app */;
			productType = "com.apple.product-type.application";
		};
/* End PBXNativeTarget section */

/* Begin PBXProject section */
		2FDFDD3B26DE914D00B831AE /* Project object */ = {
			isa = PBXProject;
			attributes = {
				LastSwiftUpdateCheck = 1250;
				LastUpgradeCheck = 1250;
				TargetAttributes = {
					2FDFDD4226DE914D00B831AE = {
						CreatedOnToolsVersion = 12.5.1;
					};
				};
			};
			buildConfigurationList = 2FDFDD3E26DE914D00B831AE /* Build configuration list for PBXProject "Project6b_AutoLayout" */;
			compatibilityVersion = "Xcode 9.3";
			developmentRegion = en;
			hasScannedForEncodings = 0;
			knownRegions = (
				en,
				Base,
			);
			mainGroup = 2FDFDD3A26DE914D00B831AE;
			productRefGroup = 2FDFDD4426DE914D00B831AE /* Products */;
			projectDirPath = "";
			projectRoot = "";
			targets = (
				2FDFDD4226DE914D00B831AE /* Project6b_AutoLayout */,
			);
		};
/* End PBXProject section */

/* Begin PBXResourcesBuildPhase section */
		2FDFDD4126DE914D00B831AE /* Resources */ = {
			isa = PBXResourcesBuildPhase;
			buildActionMask = 2147483647;
			files = (
				2FDFDD5326DE915000B831AE /* LaunchScreen.storyboard in Resources */,
				2FDFDD5026DE915000B831AE /* Assets.xcassets in Resources */,
				2FDFDD4E26DE914D00B831AE /* Main.storyboard in Resources */,
			);
			runOnlyForDeploymentPostprocessing = 0;
		};
/* End PBXResourcesBuildPhase section */

/* Begin PBXSourcesBuildPhase section */
		2FDFDD3F26DE914D00B831AE /* Sources */ = {
			isa = PBXSourcesBuildPhase;
			buildActionMask = 2147483647;
			files = (
				2FDFDD4B26DE914D00B831AE /* ViewController.swift in Sources */,
				2FDFDD4726DE914D00B831AE /* AppDelegate.swift in Sources */,
				2FDFDD4926DE914D00B831AE /* SceneDelegate.swift in Sources */,
			);
			runOnlyForDeploymentPostprocessing = 0;
		};
/* End PBXSourcesBuildPhase section */

/* Begin PBXVariantGroup section */
		2FDFDD4C26DE914D00B831AE /* Main.storyboard */ = {
			isa = PBXVariantGroup;
			children = (
				2FDFDD4D26DE914D00B831AE /* Base */,
			);
			name = Main.storyboard;
			sourceTree = "<group>";
		};
		2FDFDD5126DE915000B831AE /* LaunchScreen.storyboard */ = {
			isa = PBXVariantGroup;
			children = (
				2FDFDD5226DE915000B831AE /* Base */,
			);
			name = LaunchScreen.storyboard;
			sourceTree = "<group>";
		};
/* End PBXVariantGroup section */

/* Begin XCBuildConfiguration section */
		2FDFDD5526DE915000B831AE /* Debug */ = {
			isa = XCBuildConfiguration;
			buildSettings = {
				ALWAYS_SEARCH_USER_PATHS = NO;
				CLANG_ANALYZER_NONNULL = YES;
				CLANG_ANALYZER_NUMBER_OBJECT_CONVERSION = YES_AGGRESSIVE;
				CLANG_CXX_LANGUAGE_STANDARD = "gnu++14";
				CLANG_CXX_LIBRARY = "libc++";
				CLANG_ENABLE_MODULES = YES;
				CLANG_ENABLE_OBJC_ARC = YES;
				CLANG_ENABLE_OBJC_WEAK = YES;
				CLANG_WARN_BLOCK_CAPTURE_AUTORELEASING = YES;
				CLANG_WARN_BOOL_CONVERSION = YES;
				CLANG_WARN_COMMA = YES;
				CLANG_WARN_CONSTANT_CONVERSION = YES;
				CLANG_WARN_DEPRECATED_OBJC_IMPLEMENTATIONS = YES;
				CLANG_WARN_DIRECT_OBJC_ISA_USAGE = YES_ERROR;
				CLANG_WARN_DOCUMENTATION_COMMENTS = YES;
				CLANG_WARN_EMPTY_BODY = YES;
				CLANG_WARN_ENUM_CONVERSION = YES;
				CLANG_WARN_INFINITE_RECURSION = YES;
				CLANG_WARN_INT_CONVERSION = YES;
				CLANG_WARN_NON_LITERAL_NULL_CONVERSION = YES;
				CLANG_WARN_OBJC_IMPLICIT_RETAIN_SELF = YES;
				CLANG_WARN_OBJC_LITERAL_CONVERSION = YES;
				CLANG_WARN_OBJC_ROOT_CLASS = YES_ERROR;
				CLANG_WARN_QUOTED_INCLUDE_IN_FRAMEWORK_HEADER = YES;
				CLANG_WARN_RANGE_LOOP_ANALYSIS = YES;
				CLANG_WARN_STRICT_PROTOTYPES = YES;
				CLANG_WARN_SUSPICIOUS_MOVE = YES;
				CLANG_WARN_UNGUARDED_AVAILABILITY = YES_AGGRESSIVE;
				CLANG_WARN_UNREACHABLE_CODE = YES;
				CLANG_WARN__DUPLICATE_METHOD_MATCH = YES;
				COPY_PHASE_STRIP = NO;
				DEBUG_INFORMATION_FORMAT = dwarf;
				ENABLE_STRICT_OBJC_MSGSEND = YES;
				ENABLE_TESTABILITY = YES;
				GCC_C_LANGUAGE_STANDARD = gnu11;
				GCC_DYNAMIC_NO_PIC = NO;
				GCC_NO_COMMON_BLOCKS = YES;
				GCC_OPTIMIZATION_LEVEL = 0;
				GCC_PREPROCESSOR_DEFINITIONS = (
					"DEBUG=1",
					"$(inherited)",
				);
				GCC_WARN_64_TO_32_BIT_CONVERSION = YES;
				GCC_WARN_ABOUT_RETURN_TYPE = YES_ERROR;
				GCC_WARN_UNDECLARED_SELECTOR = YES;
				GCC_WARN_UNINITIALIZED_AUTOS = YES_AGGRESSIVE;
				GCC_WARN_UNUSED_FUNCTION = YES;
				GCC_WARN_UNUSED_VARIABLE = YES;
				IPHONEOS_DEPLOYMENT_TARGET = 14.5;
				MTL_ENABLE_DEBUG_INFO = INCLUDE_SOURCE;
				MTL_FAST_MATH = YES;
				ONLY_ACTIVE_ARCH = YES;
				SDKROOT = iphoneos;
				SWIFT_ACTIVE_COMPILATION_CONDITIONS = DEBUG;
				SWIFT_OPTIMIZATION_LEVEL = "-Onone";
			};
			name = Debug;
		};
		2FDFDD5626DE915000B831AE /* Release */ = {
			isa = XCBuildConfiguration;
			buildSettings = {
				ALWAYS_SEARCH_USER_PATHS = NO;
				CLANG_ANALYZER_NONNULL = YES;
				CLANG_ANALYZER_NUMBER_OBJECT_CONVERSION = YES_AGGRESSIVE;
				CLANG_CXX_LANGUAGE_STANDARD = "gnu++14";
				CLANG_CXX_LIBRARY = "libc++";
				CLANG_ENABLE_MODULES = YES;
				CLANG_ENABLE_OBJC_ARC = YES;
				CLANG_ENABLE_OBJC_WEAK = YES;
				CLANG_WARN_BLOCK_CAPTURE_AUTORELEASING = YES;
				CLANG_WARN_BOOL_CONVERSION = YES;
				CLANG_WARN_COMMA = YES;
				CLANG_WARN_CONSTANT_CONVERSION = YES;
				CLANG_WARN_DEPRECATED_OBJC_IMPLEMENTATIONS = YES;
				CLANG_WARN_DIRECT_OBJC_ISA_USAGE = YES_ERROR;
				CLANG_WARN_DOCUMENTATION_COMMENTS = YES;
				CLANG_WARN_EMPTY_BODY = YES;
				CLANG_WARN_ENUM_CONVERSION = YES;
				CLANG_WARN_INFINITE_RECURSION = YES;
				CLANG_WARN_INT_CONVERSION = YES;
				CLANG_WARN_NON_LITERAL_NULL_CONVERSION = YES;
				CLANG_WARN_OBJC_IMPLICIT_RETAIN_SELF = YES;
				CLANG_WARN_OBJC_LITERAL_CONVERSION = YES;
				CLANG_WARN_OBJC_ROOT_CLASS = YES_ERROR;
				CLANG_WARN_QUOTED_INCLUDE_IN_FRAMEWORK_HEADER = YES;
				CLANG_WARN_RANGE_LOOP_ANALYSIS = YES;
				CLANG_WARN_STRICT_PROTOTYPES = YES;
				CLANG_WARN_SUSPICIOUS_MOVE = YES;
				CLANG_WARN_UNGUARDED_AVAILABILITY = YES_AGGRESSIVE;
				CLANG_WARN_UNREACHABLE_CODE = YES;
				CLANG_WARN__DUPLICATE_METHOD_MATCH = YES;
				COPY_PHASE_STRIP = NO;
				DEBUG_INFORMATION_FORMAT = "dwarf-with-dsym";
				ENABLE_NS_ASSERTIONS = NO;
				ENABLE_STRICT_OBJC_MSGSEND = YES;
				GCC_C_LANGUAGE_STANDARD = gnu11;
				GCC_NO_COMMON_BLOCKS = YES;
				GCC_WARN_64_TO_32_BIT_CONVERSION = YES;
				GCC_WARN_ABOUT_RETURN_TYPE = YES_ERROR;
				GCC_WARN_UNDECLARED_SELECTOR = YES;
				GCC_WARN_UNINITIALIZED_AUTOS = YES_AGGRESSIVE;
				GCC_WARN_UNUSED_FUNCTION = YES;
				GCC_WARN_UNUSED_VARIABLE = YES;
				IPHONEOS_DEPLOYMENT_TARGET = 14.5;
				MTL_ENABLE_DEBUG_INFO = NO;
				MTL_FAST_MATH = YES;
				SDKROOT = iphoneos;
				SWIFT_COMPILATION_MODE = wholemodule;
				SWIFT_OPTIMIZATION_LEVEL = "-O";
				VALIDATE_PRODUCT = YES;
			};
			name = Release;
		};
		2FDFDD5826DE915000B831AE /* Debug */ = {
			isa = XCBuildConfiguration;
			buildSettings = {
				ASSETCATALOG_COMPILER_APPICON_NAME = AppIcon;
				ASSETCATALOG_COMPILER_GLOBAL_ACCENT_COLOR_NAME = AccentColor;
				CODE_SIGN_STYLE = Automatic;
				DEVELOPMENT_TEAM = J9GJAN323Z;
				INFOPLIST_FILE = Project6b_AutoLayout/Info.plist;
				LD_RUNPATH_SEARCH_PATHS = (
					"$(inherited)",
					"@executable_path/Frameworks",
				);
				PRODUCT_BUNDLE_IDENTIFIER = "com.tyler.Project6b-AutoLayout";
				PRODUCT_NAME = "$(TARGET_NAME)";
				SWIFT_VERSION = 5.0;
				TARGETED_DEVICE_FAMILY = "1,2";
			};
			name = Debug;
		};
		2FDFDD5926DE915000B831AE /* Release */ = {
			isa = XCBuildConfiguration;
			buildSettings = {
				ASSETCATALOG_COMPILER_APPICON_NAME = AppIcon;
				ASSETCATALOG_COMPILER_GLOBAL_ACCENT_COLOR_NAME = AccentColor;
				CODE_SIGN_STYLE = Automatic;
				DEVELOPMENT_TEAM = J9GJAN323Z;
				INFOPLIST_FILE = Project6b_AutoLayout/Info.plist;
				LD_RUNPATH_SEARCH_PATHS = (
					"$(inherited)",
					"@executable_path/Frameworks",
				);
				PRODUCT_BUNDLE_IDENTIFIER = "com.tyler.Project6b-AutoLayout";
				PRODUCT_NAME = "$(TARGET_NAME)";
				SWIFT_VERSION = 5.0;
				TARGETED_DEVICE_FAMILY = "1,2";
			};
			name = Release;
		};
/* End XCBuildConfiguration section */

/* Begin XCConfigurationList section */
		2FDFDD3E26DE914D00B831AE /* Build configuration list for PBXProject "Project6b_AutoLayout" */ = {
			isa = XCConfigurationList;
			buildConfigurations = (
				2FDFDD5526DE915000B831AE /* Debug */,
				2FDFDD5626DE915000B831AE /* Release */,
			);
			defaultConfigurationIsVisible = 0;
			defaultConfigurationName = Release;
		};
		2FDFDD5726DE915000B831AE /* Build configuration list for PBXNativeTarget "Project6b_AutoLayout" */ = {
			isa = XCConfigurationList;
			buildConfigurations = (
				2FDFDD5826DE915000B831AE /* Debug */,
				2FDFDD5926DE915000B831AE /* Release */,
			);
			defaultConfigurationIsVisible = 0;
			defaultConfigurationName = Release;
		};
/* End XCConfigurationList section */
	};
	rootObject = 2FDFDD3B26DE914D00B831AE /* Project object */;
}
